// !$*UTF8*$!
{
	archiveVersion = 1;
	classes = {
	};
	objectVersion = 46;
	objects = {

/* Begin PBXBuildFile section */
		DB12089C167D65270068FD6A /* Default-Portrait~ipad.png in Resources */ = {isa = PBXBuildFile; fileRef = DB12089B167D65270068FD6A /* Default-Portrait~ipad.png */; };
		DB12089F167D652B0068FD6A /* Default-Portrait@2x~ipad.png in Resources */ = {isa = PBXBuildFile; fileRef = DB12089E167D652B0068FD6A /* Default-Portrait@2x~ipad.png */; };
		DB1208A1167D69950068FD6A /* felt-iPad.png in Resources */ = {isa = PBXBuildFile; fileRef = DB1208A0167D69950068FD6A /* felt-iPad.png */; };
		DB1208A3167D69AC0068FD6A /* felt-iPad@2x.png in Resources */ = {isa = PBXBuildFile; fileRef = DB1208A2167D69AC0068FD6A /* felt-iPad@2x.png */; };
		DB1208A5167D81E00068FD6A /* Default.png in Resources */ = {isa = PBXBuildFile; fileRef = DB1208A4167D81E00068FD6A /* Default.png */; };
		DB497B3116708BC500EBCAFE /* thpp.wav in Resources */ = {isa = PBXBuildFile; fileRef = DB497B3016708BC500EBCAFE /* thpp.wav */; };
		DB497B3316708D0200EBCAFE /* whoop.wav in Resources */ = {isa = PBXBuildFile; fileRef = DB497B3216708D0200EBCAFE /* whoop.wav */; };
		DB497B3516708D9900EBCAFE /* yay.wav in Resources */ = {isa = PBXBuildFile; fileRef = DB497B3416708D9900EBCAFE /* yay.wav */; };
		DB497B3716708DBA00EBCAFE /* boo.wav in Resources */ = {isa = PBXBuildFile; fileRef = DB497B3616708DBA00EBCAFE /* boo.wav */; };
		DB497B3916708ED400EBCAFE /* no.wav in Resources */ = {isa = PBXBuildFile; fileRef = DB497B3816708ED400EBCAFE /* no.wav */; };
		DB497B3D1670902D00EBCAFE /* holdon2.wav in Resources */ = {isa = PBXBuildFile; fileRef = DB497B3C1670902D00EBCAFE /* holdon2.wav */; };
		DB497B3F1670910500EBCAFE /* computerlost.wav in Resources */ = {isa = PBXBuildFile; fileRef = DB497B3E1670910500EBCAFE /* computerlost.wav */; };
		DB497B411670914000EBCAFE /* youlost.wav in Resources */ = {isa = PBXBuildFile; fileRef = DB497B401670914000EBCAFE /* youlost.wav */; };
		DB497B431670916600EBCAFE /* tie.wav in Resources */ = {isa = PBXBuildFile; fileRef = DB497B421670916600EBCAFE /* tie.wav */; };
		DB497B451670920B00EBCAFE /* newgame.wav in Resources */ = {isa = PBXBuildFile; fileRef = DB497B441670920B00EBCAFE /* newgame.wav */; };
		DB8A3FA01670074A00AF45F9 /* UIKit.framework in Frameworks */ = {isa = PBXBuildFile; fileRef = DB8A3F9F1670074A00AF45F9 /* UIKit.framework */; };
		DB8A3FA21670074A00AF45F9 /* Foundation.framework in Frameworks */ = {isa = PBXBuildFile; fileRef = DB8A3FA11670074A00AF45F9 /* Foundation.framework */; };
		DB8A3FA41670074A00AF45F9 /* CoreGraphics.framework in Frameworks */ = {isa = PBXBuildFile; fileRef = DB8A3FA31670074A00AF45F9 /* CoreGraphics.framework */; };
		DB8A3FAA1670074A00AF45F9 /* InfoPlist.strings in Resources */ = {isa = PBXBuildFile; fileRef = DB8A3FA81670074A00AF45F9 /* InfoPlist.strings */; };
		DB8A3FAC1670074A00AF45F9 /* main.m in Sources */ = {isa = PBXBuildFile; fileRef = DB8A3FAB1670074A00AF45F9 /* main.m */; };
		DB8A3FB01670074A00AF45F9 /* AppDelegate.m in Sources */ = {isa = PBXBuildFile; fileRef = DB8A3FAF1670074A00AF45F9 /* AppDelegate.m */; };
		DB8A3FB91670074A00AF45F9 /* ViewController.m in Sources */ = {isa = PBXBuildFile; fileRef = DB8A3FB81670074A00AF45F9 /* ViewController.m */; };
		DB8A3FBC1670074A00AF45F9 /* ViewController_iPhone.xib in Resources */ = {isa = PBXBuildFile; fileRef = DB8A3FBA1670074A00AF45F9 /* ViewController_iPhone.xib */; };
		DB8A3FBF1670074A00AF45F9 /* ViewController_iPad.xib in Resources */ = {isa = PBXBuildFile; fileRef = DB8A3FBD1670074A00AF45F9 /* ViewController_iPad.xib */; };
		DB8A3FC71670074A00AF45F9 /* SenTestingKit.framework in Frameworks */ = {isa = PBXBuildFile; fileRef = DB8A3FC61670074A00AF45F9 /* SenTestingKit.framework */; };
		DB8A3FC81670074A00AF45F9 /* UIKit.framework in Frameworks */ = {isa = PBXBuildFile; fileRef = DB8A3F9F1670074A00AF45F9 /* UIKit.framework */; };
		DB8A3FC91670074A00AF45F9 /* Foundation.framework in Frameworks */ = {isa = PBXBuildFile; fileRef = DB8A3FA11670074A00AF45F9 /* Foundation.framework */; };
		DB8A3FD11670074A00AF45F9 /* InfoPlist.strings in Resources */ = {isa = PBXBuildFile; fileRef = DB8A3FCF1670074A00AF45F9 /* InfoPlist.strings */; };
		DB8A3FD41670074A00AF45F9 /* isreveRTests.m in Sources */ = {isa = PBXBuildFile; fileRef = DB8A3FD31670074A00AF45F9 /* isreveRTests.m */; };
		DB8A3FE1167009E200AF45F9 /* OthelloBoardView.m in Sources */ = {isa = PBXBuildFile; fileRef = DB8A3FE0167009E200AF45F9 /* OthelloBoardView.m */; };
		DB8A3FFC167034C100AF45F9 /* AVFoundation.framework in Frameworks */ = {isa = PBXBuildFile; fileRef = DB8A3FFB167034C100AF45F9 /* AVFoundation.framework */; };
		DB8A40001670353500AF45F9 /* MessageUI.framework in Frameworks */ = {isa = PBXBuildFile; fileRef = DB8A3FFF1670353500AF45F9 /* MessageUI.framework */; };
		DB8A40021670353F00AF45F9 /* AudioToolbox.framework in Frameworks */ = {isa = PBXBuildFile; fileRef = DB8A40011670353F00AF45F9 /* AudioToolbox.framework */; };
		DB8A4011167063D200AF45F9 /* Icon-Small-50@2x.png in Resources */ = {isa = PBXBuildFile; fileRef = DB8A4007167063D200AF45F9 /* Icon-Small-50@2x.png */; };
		DB8A4012167063D200AF45F9 /* Icon-Small-50.png in Resources */ = {isa = PBXBuildFile; fileRef = DB8A4008167063D200AF45F9 /* Icon-Small-50.png */; };
		DB8A4013167063D200AF45F9 /* Icon-Small@2x.png in Resources */ = {isa = PBXBuildFile; fileRef = DB8A4009167063D200AF45F9 /* Icon-Small@2x.png */; };
		DB8A4014167063D200AF45F9 /* Icon-Small.png in Resources */ = {isa = PBXBuildFile; fileRef = DB8A400A167063D200AF45F9 /* Icon-Small.png */; };
		DB8A4019167063D200AF45F9 /* iTunesArtwork in Resources */ = {isa = PBXBuildFile; fileRef = DB8A400F167063D200AF45F9 /* iTunesArtwork */; };
		DB8A401A167063D200AF45F9 /* iTunesArtwork@2x in Resources */ = {isa = PBXBuildFile; fileRef = DB8A4010167063D200AF45F9 /* iTunesArtwork@2x */; };
		DB8A401C1670643000AF45F9 /* Icon.png in Resources */ = {isa = PBXBuildFile; fileRef = DB8A401B1670643000AF45F9 /* Icon.png */; };
		DB8A401E1670643900AF45F9 /* Icon@2x.png in Resources */ = {isa = PBXBuildFile; fileRef = DB8A401D1670643900AF45F9 /* Icon@2x.png */; };
		DB8A40201670645500AF45F9 /* Icon-72.png in Resources */ = {isa = PBXBuildFile; fileRef = DB8A401F1670645500AF45F9 /* Icon-72.png */; };
		DB8A40221670645A00AF45F9 /* Icon-72@2x.png in Resources */ = {isa = PBXBuildFile; fileRef = DB8A40211670645A00AF45F9 /* Icon-72@2x.png */; };
		DB8A4025167067DB00AF45F9 /* felt.png in Resources */ = {isa = PBXBuildFile; fileRef = DB8A4023167067DB00AF45F9 /* felt.png */; };
		DB8A4026167067DB00AF45F9 /* felt@2x.png in Resources */ = {isa = PBXBuildFile; fileRef = DB8A4024167067DB00AF45F9 /* felt@2x.png */; };
		DB8A402916706E9800AF45F9 /* blackstone-40.png in Resources */ = {isa = PBXBuildFile; fileRef = DB8A402716706E9800AF45F9 /* blackstone-40.png */; };
		DB8A402A16706E9800AF45F9 /* blackstone-40@2x.png in Resources */ = {isa = PBXBuildFile; fileRef = DB8A402816706E9800AF45F9 /* blackstone-40@2x.png */; };
		DB8A402D16706F6800AF45F9 /* whitestone-40.png in Resources */ = {isa = PBXBuildFile; fileRef = DB8A402B16706F6800AF45F9 /* whitestone-40.png */; };
		DB8A402E16706F6800AF45F9 /* whitestone-40@2x.png in Resources */ = {isa = PBXBuildFile; fileRef = DB8A402C16706F6800AF45F9 /* whitestone-40@2x.png */; };
		DB8A40301670790200AF45F9 /* welcome.wav in Resources */ = {isa = PBXBuildFile; fileRef = DB8A402F1670790200AF45F9 /* welcome.wav */; };
		DB991CC6167D5C37006CED4E /* blackstone-85.png in Resources */ = {isa = PBXBuildFile; fileRef = DB991CC4167D5C37006CED4E /* blackstone-85.png */; };
		DB991CC7167D5C37006CED4E /* blackstone-85@2x.png in Resources */ = {isa = PBXBuildFile; fileRef = DB991CC5167D5C37006CED4E /* blackstone-85@2x.png */; };
		DB991CCB167D5D7B006CED4E /* whitestone-85.png in Resources */ = {isa = PBXBuildFile; fileRef = DB991CC9167D5D7B006CED4E /* whitestone-85.png */; };
		DB991CCC167D5D7B006CED4E /* whitestone-85@2x.png in Resources */ = {isa = PBXBuildFile; fileRef = DB991CCA167D5D7B006CED4E /* whitestone-85@2x.png */; };
		DB991CD0167D61B0006CED4E /* Default-568h@2x.png in Resources */ = {isa = PBXBuildFile; fileRef = DB991CCF167D61B0006CED4E /* Default-568h@2x.png */; };
		DB991CD2167D631A006CED4E /* Default@2x.png in Resources */ = {isa = PBXBuildFile; fileRef = DB991CD1167D631A006CED4E /* Default@2x.png */; };
		DBCE59AD167179350022E0A0 /* CFNetwork.framework in Frameworks */ = {isa = PBXBuildFile; fileRef = DBCE59AC167179350022E0A0 /* CFNetwork.framework */; };
		DBCE59B116717B8A0022E0A0 /* AudioStreamer.m in Sources */ = {isa = PBXBuildFile; fileRef = DBCE59B016717B8A0022E0A0 /* AudioStreamer.m */; };
		DBCE59B316717BB00022E0A0 /* AudioStreamer.m in Sources */ = {isa = PBXBuildFile; fileRef = DBCE59B016717B8A0022E0A0 /* AudioStreamer.m */; settings = {COMPILER_FLAGS = "-fno-objc-arc"; }; };
		DBFC7AC616716C5600629011 /* README.md in Resources */ = {isa = PBXBuildFile; fileRef = DBFC7AC516716C5600629011 /* README.md */; };
/* End PBXBuildFile section */

/* Begin PBXContainerItemProxy section */
		DB8A3FCA1670074A00AF45F9 /* PBXContainerItemProxy */ = {
			isa = PBXContainerItemProxy;
			containerPortal = DB8A3F921670074A00AF45F9 /* Project object */;
			proxyType = 1;
			remoteGlobalIDString = DB8A3F9A1670074A00AF45F9;
			remoteInfo = Othello3;
		};
/* End PBXContainerItemProxy section */

/* Begin PBXFileReference section */
		DB12089B167D65270068FD6A /* Default-Portrait~ipad.png */ = {isa = PBXFileReference; lastKnownFileType = image.png; path = "Default-Portrait~ipad.png"; sourceTree = "<group>"; };
		DB12089E167D652B0068FD6A /* Default-Portrait@2x~ipad.png */ = {isa = PBXFileReference; lastKnownFileType = image.png; path = "Default-Portrait@2x~ipad.png"; sourceTree = "<group>"; };
		DB1208A0167D69950068FD6A /* felt-iPad.png */ = {isa = PBXFileReference; lastKnownFileType = image.png; path = "felt-iPad.png"; sourceTree = "<group>"; };
		DB1208A2167D69AC0068FD6A /* felt-iPad@2x.png */ = {isa = PBXFileReference; lastKnownFileType = image.png; path = "felt-iPad@2x.png"; sourceTree = "<group>"; };
		DB1208A4167D81E00068FD6A /* Default.png */ = {isa = PBXFileReference; lastKnownFileType = image.png; path = Default.png; sourceTree = "<group>"; };
		DB497B3016708BC500EBCAFE /* thpp.wav */ = {isa = PBXFileReference; lastKnownFileType = audio.wav; path = thpp.wav; sourceTree = "<group>"; };
		DB497B3216708D0200EBCAFE /* whoop.wav */ = {isa = PBXFileReference; lastKnownFileType = audio.wav; path = whoop.wav; sourceTree = "<group>"; };
		DB497B3416708D9900EBCAFE /* yay.wav */ = {isa = PBXFileReference; lastKnownFileType = audio.wav; path = yay.wav; sourceTree = "<group>"; };
		DB497B3616708DBA00EBCAFE /* boo.wav */ = {isa = PBXFileReference; lastKnownFileType = audio.wav; path = boo.wav; sourceTree = "<group>"; };
		DB497B3816708ED400EBCAFE /* no.wav */ = {isa = PBXFileReference; lastKnownFileType = audio.wav; path = no.wav; sourceTree = "<group>"; };
		DB497B3C1670902D00EBCAFE /* holdon2.wav */ = {isa = PBXFileReference; lastKnownFileType = audio.wav; path = holdon2.wav; sourceTree = "<group>"; };
		DB497B3E1670910500EBCAFE /* computerlost.wav */ = {isa = PBXFileReference; lastKnownFileType = audio.wav; path = computerlost.wav; sourceTree = "<group>"; };
		DB497B401670914000EBCAFE /* youlost.wav */ = {isa = PBXFileReference; lastKnownFileType = audio.wav; path = youlost.wav; sourceTree = "<group>"; };
		DB497B421670916600EBCAFE /* tie.wav */ = {isa = PBXFileReference; lastKnownFileType = audio.wav; path = tie.wav; sourceTree = "<group>"; };
		DB497B441670920B00EBCAFE /* newgame.wav */ = {isa = PBXFileReference; lastKnownFileType = audio.wav; path = newgame.wav; sourceTree = "<group>"; };
		DB8A3F9B1670074A00AF45F9 /* isreveR.app */ = {isa = PBXFileReference; explicitFileType = wrapper.application; includeInIndex = 0; path = isreveR.app; sourceTree = BUILT_PRODUCTS_DIR; };
		DB8A3F9F1670074A00AF45F9 /* UIKit.framework */ = {isa = PBXFileReference; lastKnownFileType = wrapper.framework; name = UIKit.framework; path = System/Library/Frameworks/UIKit.framework; sourceTree = SDKROOT; };
		DB8A3FA11670074A00AF45F9 /* Foundation.framework */ = {isa = PBXFileReference; lastKnownFileType = wrapper.framework; name = Foundation.framework; path = System/Library/Frameworks/Foundation.framework; sourceTree = SDKROOT; };
		DB8A3FA31670074A00AF45F9 /* CoreGraphics.framework */ = {isa = PBXFileReference; lastKnownFileType = wrapper.framework; name = CoreGraphics.framework; path = System/Library/Frameworks/CoreGraphics.framework; sourceTree = SDKROOT; };
		DB8A3FA71670074A00AF45F9 /* isreveR-Info.plist */ = {isa = PBXFileReference; lastKnownFileType = text.plist.xml; path = "isreveR-Info.plist"; sourceTree = "<group>"; };
		DB8A3FA91670074A00AF45F9 /* en */ = {isa = PBXFileReference; lastKnownFileType = text.plist.strings; name = en; path = en.lproj/InfoPlist.strings; sourceTree = "<group>"; };
		DB8A3FAB1670074A00AF45F9 /* main.m */ = {isa = PBXFileReference; lastKnownFileType = sourcecode.c.objc; path = main.m; sourceTree = "<group>"; };
		DB8A3FAD1670074A00AF45F9 /* isreveR-Prefix.pch */ = {isa = PBXFileReference; lastKnownFileType = sourcecode.c.h; path = "isreveR-Prefix.pch"; sourceTree = "<group>"; };
		DB8A3FAE1670074A00AF45F9 /* AppDelegate.h */ = {isa = PBXFileReference; lastKnownFileType = sourcecode.c.h; path = AppDelegate.h; sourceTree = "<group>"; };
		DB8A3FAF1670074A00AF45F9 /* AppDelegate.m */ = {isa = PBXFileReference; lastKnownFileType = sourcecode.c.objc; path = AppDelegate.m; sourceTree = "<group>"; };
		DB8A3FB71670074A00AF45F9 /* ViewController.h */ = {isa = PBXFileReference; lastKnownFileType = sourcecode.c.h; path = ViewController.h; sourceTree = "<group>"; };
		DB8A3FB81670074A00AF45F9 /* ViewController.m */ = {isa = PBXFileReference; lastKnownFileType = sourcecode.c.objc; path = ViewController.m; sourceTree = "<group>"; };
		DB8A3FBB1670074A00AF45F9 /* en */ = {isa = PBXFileReference; lastKnownFileType = file.xib; name = en; path = en.lproj/ViewController_iPhone.xib; sourceTree = "<group>"; };
		DB8A3FBE1670074A00AF45F9 /* en */ = {isa = PBXFileReference; lastKnownFileType = file.xib; name = en; path = en.lproj/ViewController_iPad.xib; sourceTree = "<group>"; };
		DB8A3FC51670074A00AF45F9 /* isreveRTests.octest */ = {isa = PBXFileReference; explicitFileType = wrapper.cfbundle; includeInIndex = 0; path = isreveRTests.octest; sourceTree = BUILT_PRODUCTS_DIR; };
		DB8A3FC61670074A00AF45F9 /* SenTestingKit.framework */ = {isa = PBXFileReference; lastKnownFileType = wrapper.framework; name = SenTestingKit.framework; path = Library/Frameworks/SenTestingKit.framework; sourceTree = DEVELOPER_DIR; };
		DB8A3FCE1670074A00AF45F9 /* isreveRTests-Info.plist */ = {isa = PBXFileReference; lastKnownFileType = text.plist.xml; path = "isreveRTests-Info.plist"; sourceTree = "<group>"; };
		DB8A3FD01670074A00AF45F9 /* en */ = {isa = PBXFileReference; lastKnownFileType = text.plist.strings; name = en; path = en.lproj/InfoPlist.strings; sourceTree = "<group>"; };
		DB8A3FD21670074A00AF45F9 /* isreveRTests.h */ = {isa = PBXFileReference; lastKnownFileType = sourcecode.c.h; path = isreveRTests.h; sourceTree = "<group>"; };
		DB8A3FD31670074A00AF45F9 /* isreveRTests.m */ = {isa = PBXFileReference; lastKnownFileType = sourcecode.c.objc; path = isreveRTests.m; sourceTree = "<group>"; };
		DB8A3FDF167009E200AF45F9 /* OthelloBoardView.h */ = {isa = PBXFileReference; fileEncoding = 4; lastKnownFileType = sourcecode.c.h; path = OthelloBoardView.h; sourceTree = "<group>"; };
		DB8A3FE0167009E200AF45F9 /* OthelloBoardView.m */ = {isa = PBXFileReference; fileEncoding = 4; lastKnownFileType = sourcecode.c.objc; path = OthelloBoardView.m; sourceTree = "<group>"; };
		DB8A3FFB167034C100AF45F9 /* AVFoundation.framework */ = {isa = PBXFileReference; lastKnownFileType = wrapper.framework; name = AVFoundation.framework; path = System/Library/Frameworks/AVFoundation.framework; sourceTree = SDKROOT; };
		DB8A3FFF1670353500AF45F9 /* MessageUI.framework */ = {isa = PBXFileReference; lastKnownFileType = wrapper.framework; name = MessageUI.framework; path = System/Library/Frameworks/MessageUI.framework; sourceTree = SDKROOT; };
		DB8A40011670353F00AF45F9 /* AudioToolbox.framework */ = {isa = PBXFileReference; lastKnownFileType = wrapper.framework; name = AudioToolbox.framework; path = System/Library/Frameworks/AudioToolbox.framework; sourceTree = SDKROOT; };
		DB8A4007167063D200AF45F9 /* Icon-Small-50@2x.png */ = {isa = PBXFileReference; lastKnownFileType = image.png; name = "Icon-Small-50@2x.png"; path = "Othello3/Icon-Small-50@2x.png"; sourceTree = "<group>"; };
		DB8A4008167063D200AF45F9 /* Icon-Small-50.png */ = {isa = PBXFileReference; lastKnownFileType = image.png; name = "Icon-Small-50.png"; path = "Othello3/Icon-Small-50.png"; sourceTree = "<group>"; };
		DB8A4009167063D200AF45F9 /* Icon-Small@2x.png */ = {isa = PBXFileReference; lastKnownFileType = image.png; name = "Icon-Small@2x.png"; path = "Othello3/Icon-Small@2x.png"; sourceTree = "<group>"; };
		DB8A400A167063D200AF45F9 /* Icon-Small.png */ = {isa = PBXFileReference; lastKnownFileType = image.png; name = "Icon-Small.png"; path = "Othello3/Icon-Small.png"; sourceTree = "<group>"; };
		DB8A400F167063D200AF45F9 /* iTunesArtwork */ = {isa = PBXFileReference; lastKnownFileType = file; name = iTunesArtwork; path = Othello3/iTunesArtwork; sourceTree = "<group>"; };
		DB8A4010167063D200AF45F9 /* iTunesArtwork@2x */ = {isa = PBXFileReference; lastKnownFileType = file; name = "iTunesArtwork@2x"; path = "Othello3/iTunesArtwork@2x"; sourceTree = "<group>"; };
		DB8A401B1670643000AF45F9 /* Icon.png */ = {isa = PBXFileReference; lastKnownFileType = image.png; path = Icon.png; sourceTree = "<group>"; };
		DB8A401D1670643900AF45F9 /* Icon@2x.png */ = {isa = PBXFileReference; lastKnownFileType = image.png; path = "Icon@2x.png"; sourceTree = "<group>"; };
		DB8A401F1670645500AF45F9 /* Icon-72.png */ = {isa = PBXFileReference; lastKnownFileType = image.png; path = "Icon-72.png"; sourceTree = "<group>"; };
		DB8A40211670645A00AF45F9 /* Icon-72@2x.png */ = {isa = PBXFileReference; lastKnownFileType = image.png; path = "Icon-72@2x.png"; sourceTree = "<group>"; };
		DB8A4023167067DB00AF45F9 /* felt.png */ = {isa = PBXFileReference; lastKnownFileType = image.png; path = felt.png; sourceTree = "<group>"; };
		DB8A4024167067DB00AF45F9 /* felt@2x.png */ = {isa = PBXFileReference; lastKnownFileType = image.png; path = "felt@2x.png"; sourceTree = "<group>"; };
		DB8A402716706E9800AF45F9 /* blackstone-40.png */ = {isa = PBXFileReference; lastKnownFileType = image.png; path = "blackstone-40.png"; sourceTree = "<group>"; };
		DB8A402816706E9800AF45F9 /* blackstone-40@2x.png */ = {isa = PBXFileReference; lastKnownFileType = image.png; path = "blackstone-40@2x.png"; sourceTree = "<group>"; };
		DB8A402B16706F6800AF45F9 /* whitestone-40.png */ = {isa = PBXFileReference; lastKnownFileType = image.png; path = "whitestone-40.png"; sourceTree = "<group>"; };
		DB8A402C16706F6800AF45F9 /* whitestone-40@2x.png */ = {isa = PBXFileReference; lastKnownFileType = image.png; path = "whitestone-40@2x.png"; sourceTree = "<group>"; };
		DB8A402F1670790200AF45F9 /* welcome.wav */ = {isa = PBXFileReference; lastKnownFileType = audio.wav; path = welcome.wav; sourceTree = "<group>"; };
		DB991CC4167D5C37006CED4E /* blackstone-85.png */ = {isa = PBXFileReference; lastKnownFileType = image.png; path = "blackstone-85.png"; sourceTree = "<group>"; };
		DB991CC5167D5C37006CED4E /* blackstone-85@2x.png */ = {isa = PBXFileReference; lastKnownFileType = image.png; path = "blackstone-85@2x.png"; sourceTree = "<group>"; };
		DB991CC9167D5D7B006CED4E /* whitestone-85.png */ = {isa = PBXFileReference; lastKnownFileType = image.png; path = "whitestone-85.png"; sourceTree = "<group>"; };
		DB991CCA167D5D7B006CED4E /* whitestone-85@2x.png */ = {isa = PBXFileReference; lastKnownFileType = image.png; path = "whitestone-85@2x.png"; sourceTree = "<group>"; };
		DB991CCF167D61B0006CED4E /* Default-568h@2x.png */ = {isa = PBXFileReference; lastKnownFileType = image.png; path = "Default-568h@2x.png"; sourceTree = "<group>"; };
		DB991CD1167D631A006CED4E /* Default@2x.png */ = {isa = PBXFileReference; lastKnownFileType = image.png; path = "Default@2x.png"; sourceTree = "<group>"; };
		DBCE59AC167179350022E0A0 /* CFNetwork.framework */ = {isa = PBXFileReference; lastKnownFileType = wrapper.framework; name = CFNetwork.framework; path = System/Library/Frameworks/CFNetwork.framework; sourceTree = SDKROOT; };
		DBCE59AF16717B8A0022E0A0 /* AudioStreamer.h */ = {isa = PBXFileReference; fileEncoding = 4; lastKnownFileType = sourcecode.c.h; path = AudioStreamer.h; sourceTree = "<group>"; };
		DBCE59B016717B8A0022E0A0 /* AudioStreamer.m */ = {isa = PBXFileReference; fileEncoding = 4; lastKnownFileType = sourcecode.c.objc; path = AudioStreamer.m; sourceTree = "<group>"; };
		DBFC7AC516716C5600629011 /* README.md */ = {isa = PBXFileReference; fileEncoding = 4; lastKnownFileType = text; path = README.md; sourceTree = "<group>"; };
/* End PBXFileReference section */

/* Begin PBXFrameworksBuildPhase section */
		DB8A3F981670074A00AF45F9 /* Frameworks */ = {
			isa = PBXFrameworksBuildPhase;
			buildActionMask = 2147483647;
			files = (
				DBCE59AD167179350022E0A0 /* CFNetwork.framework in Frameworks */,
				DB8A40021670353F00AF45F9 /* AudioToolbox.framework in Frameworks */,
				DB8A40001670353500AF45F9 /* MessageUI.framework in Frameworks */,
				DB8A3FFC167034C100AF45F9 /* AVFoundation.framework in Frameworks */,
				DB8A3FA01670074A00AF45F9 /* UIKit.framework in Frameworks */,
				DB8A3FA21670074A00AF45F9 /* Foundation.framework in Frameworks */,
				DB8A3FA41670074A00AF45F9 /* CoreGraphics.framework in Frameworks */,
			);
			runOnlyForDeploymentPostprocessing = 0;
		};
		DB8A3FC11670074A00AF45F9 /* Frameworks */ = {
			isa = PBXFrameworksBuildPhase;
			buildActionMask = 2147483647;
			files = (
				DB8A3FC71670074A00AF45F9 /* SenTestingKit.framework in Frameworks */,
				DB8A3FC81670074A00AF45F9 /* UIKit.framework in Frameworks */,
				DB8A3FC91670074A00AF45F9 /* Foundation.framework in Frameworks */,
			);
			runOnlyForDeploymentPostprocessing = 0;
		};
/* End PBXFrameworksBuildPhase section */

/* Begin PBXGroup section */
		DB1208A6167D82840068FD6A /* screens */ = {
			isa = PBXGroup;
			children = (
				DB991CD1167D631A006CED4E /* Default@2x.png */,
				DB991CCF167D61B0006CED4E /* Default-568h@2x.png */,
				DB12089E167D652B0068FD6A /* Default-Portrait@2x~ipad.png */,
				DB1208A4167D81E00068FD6A /* Default.png */,
				DB12089B167D65270068FD6A /* Default-Portrait~ipad.png */,
			);
			name = screens;
			path = ..;
			sourceTree = "<group>";
		};
		DB1208A7167D82C50068FD6A /* project */ = {
			isa = PBXGroup;
			children = (
				DB8A3FA71670074A00AF45F9 /* isreveR-Info.plist */,
				DB8A3FA81670074A00AF45F9 /* InfoPlist.strings */,
				DB8A3FAB1670074A00AF45F9 /* main.m */,
				DB8A3FAD1670074A00AF45F9 /* isreveR-Prefix.pch */,
			);
			name = project;
			path = Othello3;
			sourceTree = "<group>";
		};
		DB8A3F901670074A00AF45F9 = {
			isa = PBXGroup;
			children = (
				DBFC7AC516716C5600629011 /* README.md */,
				DB1208A7167D82C50068FD6A /* project */,
				DB8A3FA61670074A00AF45F9 /* assets */,
				DB8A3FA51670074A00AF45F9 /* src */,
				DB8A3FCC1670074A00AF45F9 /* tests */,
				DB8A3F9E1670074A00AF45F9 /* Frameworks */,
				DB8A3F9C1670074A00AF45F9 /* Products */,
			);
			sourceTree = "<group>";
		};
		DB8A3F9C1670074A00AF45F9 /* Products */ = {
			isa = PBXGroup;
			children = (
				DB8A3F9B1670074A00AF45F9 /* isreveR.app */,
				DB8A3FC51670074A00AF45F9 /* isreveRTests.octest */,
			);
			name = Products;
			sourceTree = "<group>";
		};
		DB8A3F9E1670074A00AF45F9 /* Frameworks */ = {
			isa = PBXGroup;
			children = (
				DBCE59AC167179350022E0A0 /* CFNetwork.framework */,
				DB8A40011670353F00AF45F9 /* AudioToolbox.framework */,
				DB8A3FFF1670353500AF45F9 /* MessageUI.framework */,
				DB8A3FFB167034C100AF45F9 /* AVFoundation.framework */,
				DB8A3F9F1670074A00AF45F9 /* UIKit.framework */,
				DB8A3FA11670074A00AF45F9 /* Foundation.framework */,
				DB8A3FA31670074A00AF45F9 /* CoreGraphics.framework */,
				DB8A3FC61670074A00AF45F9 /* SenTestingKit.framework */,
			);
			name = Frameworks;
			sourceTree = "<group>";
		};
		DB8A3FA51670074A00AF45F9 /* src */ = {
			isa = PBXGroup;
			children = (
				DBCE59B216717B8E0022E0A0 /* AudioStreamer */,
				DB8A3FAE1670074A00AF45F9 /* AppDelegate.h */,
				DB8A3FAF1670074A00AF45F9 /* AppDelegate.m */,
				DB8A3FB71670074A00AF45F9 /* ViewController.h */,
				DB8A3FB81670074A00AF45F9 /* ViewController.m */,
				DB8A3FDF167009E200AF45F9 /* OthelloBoardView.h */,
				DB8A3FE0167009E200AF45F9 /* OthelloBoardView.m */,
				DB8A3FBA1670074A00AF45F9 /* ViewController_iPhone.xib */,
				DB8A3FBD1670074A00AF45F9 /* ViewController_iPad.xib */,
			);
			name = src;
			path = Othello3;
			sourceTree = "<group>";
		};
		DB8A3FA61670074A00AF45F9 /* assets */ = {
			isa = PBXGroup;
			children = (
				DBFC7AC316716C0900629011 /* icons */,
				DB1208A6167D82840068FD6A /* screens */,
				DBFC7ACB1671701B00629011 /* sfx */,
				DBFC7ACC1671702600629011 /* board */,
			);
			name = assets;
			path = Othello3;
			sourceTree = "<group>";
		};
		DB8A3FCC1670074A00AF45F9 /* tests */ = {
			isa = PBXGroup;
			children = (
				DB8A3FD21670074A00AF45F9 /* isreveRTests.h */,
				DB8A3FD31670074A00AF45F9 /* isreveRTests.m */,
				DB8A3FCD1670074A00AF45F9 /* Supporting Files */,
			);
			name = tests;
			path = Othello3Tests;
			sourceTree = "<group>";
		};
		DB8A3FCD1670074A00AF45F9 /* Supporting Files */ = {
			isa = PBXGroup;
			children = (
				DB8A3FCE1670074A00AF45F9 /* isreveRTests-Info.plist */,
				DB8A3FCF1670074A00AF45F9 /* InfoPlist.strings */,
			);
			name = "Supporting Files";
			sourceTree = "<group>";
		};
		DBCE59B216717B8E0022E0A0 /* AudioStreamer */ = {
			isa = PBXGroup;
			children = (
				DBCE59AF16717B8A0022E0A0 /* AudioStreamer.h */,
				DBCE59B016717B8A0022E0A0 /* AudioStreamer.m */,
			);
			name = AudioStreamer;
			sourceTree = "<group>";
		};
		DBFC7AC316716C0900629011 /* icons */ = {
			isa = PBXGroup;
			children = (
				DB8A4007167063D200AF45F9 /* Icon-Small-50@2x.png */,
				DB8A4008167063D200AF45F9 /* Icon-Small-50.png */,
				DB8A4009167063D200AF45F9 /* Icon-Small@2x.png */,
				DB8A400A167063D200AF45F9 /* Icon-Small.png */,
				DB8A400F167063D200AF45F9 /* iTunesArtwork */,
				DB8A4010167063D200AF45F9 /* iTunesArtwork@2x */,
				DB8A40211670645A00AF45F9 /* Icon-72@2x.png */,
				DB8A401F1670645500AF45F9 /* Icon-72.png */,
				DB8A401D1670643900AF45F9 /* Icon@2x.png */,
				DB8A401B1670643000AF45F9 /* Icon.png */,
			);
			name = icons;
			path = ..;
			sourceTree = "<group>";
		};
		DBFC7ACB1671701B00629011 /* sfx */ = {
			isa = PBXGroup;
			children = (
				DB497B441670920B00EBCAFE /* newgame.wav */,
				DB497B421670916600EBCAFE /* tie.wav */,
				DB497B401670914000EBCAFE /* youlost.wav */,
				DB497B3E1670910500EBCAFE /* computerlost.wav */,
				DB497B3C1670902D00EBCAFE /* holdon2.wav */,
				DB497B3816708ED400EBCAFE /* no.wav */,
				DB497B3616708DBA00EBCAFE /* boo.wav */,
				DB497B3416708D9900EBCAFE /* yay.wav */,
				DB497B3216708D0200EBCAFE /* whoop.wav */,
				DB497B3016708BC500EBCAFE /* thpp.wav */,
				DB8A402F1670790200AF45F9 /* welcome.wav */,
			);
			name = sfx;
			sourceTree = "<group>";
		};
		DBFC7ACC1671702600629011 /* board */ = {
			isa = PBXGroup;
			children = (
				DB8A402B16706F6800AF45F9 /* whitestone-40.png */,
				DB8A402C16706F6800AF45F9 /* whitestone-40@2x.png */,
				DB991CC9167D5D7B006CED4E /* whitestone-85.png */,
				DB991CCA167D5D7B006CED4E /* whitestone-85@2x.png */,
				DB8A402716706E9800AF45F9 /* blackstone-40.png */,
				DB8A402816706E9800AF45F9 /* blackstone-40@2x.png */,
				DB991CC4167D5C37006CED4E /* blackstone-85.png */,
				DB991CC5167D5C37006CED4E /* blackstone-85@2x.png */,
				DB8A4023167067DB00AF45F9 /* felt.png */,
				DB8A4024167067DB00AF45F9 /* felt@2x.png */,
				DB1208A0167D69950068FD6A /* felt-iPad.png */,
				DB1208A2167D69AC0068FD6A /* felt-iPad@2x.png */,
			);
			name = board;
			sourceTree = "<group>";
		};
/* End PBXGroup section */

/* Begin PBXNativeTarget section */
		DB8A3F9A1670074A00AF45F9 /* isreveR */ = {
			isa = PBXNativeTarget;
			buildConfigurationList = DB8A3FD71670074A00AF45F9 /* Build configuration list for PBXNativeTarget "isreveR" */;
			buildPhases = (
				DB8A3F971670074A00AF45F9 /* Sources */,
				DB8A3F981670074A00AF45F9 /* Frameworks */,
				DB8A3F991670074A00AF45F9 /* Resources */,
			);
			buildRules = (
			);
			dependencies = (
			);
			name = isreveR;
			productName = Othello3;
			productReference = DB8A3F9B1670074A00AF45F9 /* isreveR.app */;
			productType = "com.apple.product-type.application";
		};
		DB8A3FC41670074A00AF45F9 /* isreveRTests */ = {
			isa = PBXNativeTarget;
			buildConfigurationList = DB8A3FDA1670074A00AF45F9 /* Build configuration list for PBXNativeTarget "isreveRTests" */;
			buildPhases = (
				DB8A3FC01670074A00AF45F9 /* Sources */,
				DB8A3FC11670074A00AF45F9 /* Frameworks */,
				DB8A3FC21670074A00AF45F9 /* Resources */,
				DB8A3FC31670074A00AF45F9 /* ShellScript */,
			);
			buildRules = (
			);
			dependencies = (
				DB8A3FCB1670074A00AF45F9 /* PBXTargetDependency */,
			);
			name = isreveRTests;
			productName = Othello3Tests;
			productReference = DB8A3FC51670074A00AF45F9 /* isreveRTests.octest */;
			productType = "com.apple.product-type.bundle";
		};
/* End PBXNativeTarget section */

/* Begin PBXProject section */
		DB8A3F921670074A00AF45F9 /* Project object */ = {
			isa = PBXProject;
			attributes = {
				LastUpgradeCheck = 0450;
				ORGANIZATIONNAME = "David E. Weekly";
			};
			buildConfigurationList = DB8A3F951670074A00AF45F9 /* Build configuration list for PBXProject "isreveR" */;
			compatibilityVersion = "Xcode 3.2";
			developmentRegion = English;
			hasScannedForEncodings = 0;
			knownRegions = (
				en,
			);
			mainGroup = DB8A3F901670074A00AF45F9;
			productRefGroup = DB8A3F9C1670074A00AF45F9 /* Products */;
			projectDirPath = "";
			projectRoot = "";
			targets = (
				DB8A3F9A1670074A00AF45F9 /* isreveR */,
				DB8A3FC41670074A00AF45F9 /* isreveRTests */,
			);
		};
/* End PBXProject section */

/* Begin PBXResourcesBuildPhase section */
		DB8A3F991670074A00AF45F9 /* Resources */ = {
			isa = PBXResourcesBuildPhase;
			buildActionMask = 2147483647;
			files = (
				DB8A3FAA1670074A00AF45F9 /* InfoPlist.strings in Resources */,
				DB8A3FBC1670074A00AF45F9 /* ViewController_iPhone.xib in Resources */,
				DB8A3FBF1670074A00AF45F9 /* ViewController_iPad.xib in Resources */,
				DB8A4011167063D200AF45F9 /* Icon-Small-50@2x.png in Resources */,
				DB8A4012167063D200AF45F9 /* Icon-Small-50.png in Resources */,
				DB8A4013167063D200AF45F9 /* Icon-Small@2x.png in Resources */,
				DB8A4014167063D200AF45F9 /* Icon-Small.png in Resources */,
				DB8A4019167063D200AF45F9 /* iTunesArtwork in Resources */,
				DB8A401A167063D200AF45F9 /* iTunesArtwork@2x in Resources */,
				DB8A401C1670643000AF45F9 /* Icon.png in Resources */,
				DB8A401E1670643900AF45F9 /* Icon@2x.png in Resources */,
				DB8A40201670645500AF45F9 /* Icon-72.png in Resources */,
				DB8A40221670645A00AF45F9 /* Icon-72@2x.png in Resources */,
				DB8A4025167067DB00AF45F9 /* felt.png in Resources */,
				DB8A4026167067DB00AF45F9 /* felt@2x.png in Resources */,
				DB8A402916706E9800AF45F9 /* blackstone-40.png in Resources */,
				DB8A402A16706E9800AF45F9 /* blackstone-40@2x.png in Resources */,
				DB8A402D16706F6800AF45F9 /* whitestone-40.png in Resources */,
				DB8A402E16706F6800AF45F9 /* whitestone-40@2x.png in Resources */,
				DB8A40301670790200AF45F9 /* welcome.wav in Resources */,
				DB497B3116708BC500EBCAFE /* thpp.wav in Resources */,
				DB497B3316708D0200EBCAFE /* whoop.wav in Resources */,
				DB497B3516708D9900EBCAFE /* yay.wav in Resources */,
				DB497B3716708DBA00EBCAFE /* boo.wav in Resources */,
				DB497B3916708ED400EBCAFE /* no.wav in Resources */,
				DB497B3D1670902D00EBCAFE /* holdon2.wav in Resources */,
				DB497B3F1670910500EBCAFE /* computerlost.wav in Resources */,
				DB497B411670914000EBCAFE /* youlost.wav in Resources */,
				DB497B431670916600EBCAFE /* tie.wav in Resources */,
				DB497B451670920B00EBCAFE /* newgame.wav in Resources */,
				DBFC7AC616716C5600629011 /* README.md in Resources */,
				DB991CC6167D5C37006CED4E /* blackstone-85.png in Resources */,
				DB991CC7167D5C37006CED4E /* blackstone-85@2x.png in Resources */,
				DB991CCB167D5D7B006CED4E /* whitestone-85.png in Resources */,
				DB991CCC167D5D7B006CED4E /* whitestone-85@2x.png in Resources */,
				DB991CD0167D61B0006CED4E /* Default-568h@2x.png in Resources */,
				DB991CD2167D631A006CED4E /* Default@2x.png in Resources */,
				DB12089C167D65270068FD6A /* Default-Portrait~ipad.png in Resources */,
				DB12089F167D652B0068FD6A /* Default-Portrait@2x~ipad.png in Resources */,
				DB1208A1167D69950068FD6A /* felt-iPad.png in Resources */,
				DB1208A3167D69AC0068FD6A /* felt-iPad@2x.png in Resources */,
				DB1208A5167D81E00068FD6A /* Default.png in Resources */,
			);
			runOnlyForDeploymentPostprocessing = 0;
		};
		DB8A3FC21670074A00AF45F9 /* Resources */ = {
			isa = PBXResourcesBuildPhase;
			buildActionMask = 2147483647;
			files = (
				DB8A3FD11670074A00AF45F9 /* InfoPlist.strings in Resources */,
			);
			runOnlyForDeploymentPostprocessing = 0;
		};
/* End PBXResourcesBuildPhase section */

/* Begin PBXShellScriptBuildPhase section */
		DB8A3FC31670074A00AF45F9 /* ShellScript */ = {
			isa = PBXShellScriptBuildPhase;
			buildActionMask = 2147483647;
			files = (
			);
			inputPaths = (
			);
			outputPaths = (
			);
			runOnlyForDeploymentPostprocessing = 0;
			shellPath = /bin/sh;
			shellScript = "# Run the unit tests in this test bundle.\n\"${SYSTEM_DEVELOPER_DIR}/Tools/RunUnitTests\"\n";
		};
/* End PBXShellScriptBuildPhase section */

/* Begin PBXSourcesBuildPhase section */
		DB8A3F971670074A00AF45F9 /* Sources */ = {
			isa = PBXSourcesBuildPhase;
			buildActionMask = 2147483647;
			files = (
				DBCE59B316717BB00022E0A0 /* AudioStreamer.m in Sources */,
				DB8A3FAC1670074A00AF45F9 /* main.m in Sources */,
				DB8A3FB01670074A00AF45F9 /* AppDelegate.m in Sources */,
				DB8A3FB91670074A00AF45F9 /* ViewController.m in Sources */,
				DB8A3FE1167009E200AF45F9 /* OthelloBoardView.m in Sources */,
			);
			runOnlyForDeploymentPostprocessing = 0;
		};
		DB8A3FC01670074A00AF45F9 /* Sources */ = {
			isa = PBXSourcesBuildPhase;
			buildActionMask = 2147483647;
			files = (
				DB8A3FD41670074A00AF45F9 /* isreveRTests.m in Sources */,
				DBCE59B116717B8A0022E0A0 /* AudioStreamer.m in Sources */,
			);
			runOnlyForDeploymentPostprocessing = 0;
		};
/* End PBXSourcesBuildPhase section */

/* Begin PBXTargetDependency section */
		DB8A3FCB1670074A00AF45F9 /* PBXTargetDependency */ = {
			isa = PBXTargetDependency;
			target = DB8A3F9A1670074A00AF45F9 /* isreveR */;
			targetProxy = DB8A3FCA1670074A00AF45F9 /* PBXContainerItemProxy */;
		};
/* End PBXTargetDependency section */

/* Begin PBXVariantGroup section */
		DB8A3FA81670074A00AF45F9 /* InfoPlist.strings */ = {
			isa = PBXVariantGroup;
			children = (
				DB8A3FA91670074A00AF45F9 /* en */,
			);
			name = InfoPlist.strings;
			sourceTree = "<group>";
		};
		DB8A3FBA1670074A00AF45F9 /* ViewController_iPhone.xib */ = {
			isa = PBXVariantGroup;
			children = (
				DB8A3FBB1670074A00AF45F9 /* en */,
			);
			name = ViewController_iPhone.xib;
			sourceTree = "<group>";
		};
		DB8A3FBD1670074A00AF45F9 /* ViewController_iPad.xib */ = {
			isa = PBXVariantGroup;
			children = (
				DB8A3FBE1670074A00AF45F9 /* en */,
			);
			name = ViewController_iPad.xib;
			sourceTree = "<group>";
		};
		DB8A3FCF1670074A00AF45F9 /* InfoPlist.strings */ = {
			isa = PBXVariantGroup;
			children = (
				DB8A3FD01670074A00AF45F9 /* en */,
			);
			name = InfoPlist.strings;
			sourceTree = "<group>";
		};
/* End PBXVariantGroup section */

/* Begin XCBuildConfiguration section */
		DB8A3FD51670074A00AF45F9 /* Debug */ = {
			isa = XCBuildConfiguration;
			buildSettings = {
				ALWAYS_SEARCH_USER_PATHS = NO;
				CLANG_CXX_LANGUAGE_STANDARD = "gnu++0x";
				CLANG_CXX_LIBRARY = "libc++";
				CLANG_ENABLE_OBJC_ARC = YES;
				CLANG_WARN_EMPTY_BODY = YES;
				CLANG_WARN__DUPLICATE_METHOD_MATCH = YES;
				"CODE_SIGN_IDENTITY[sdk=iphoneos*]" = "iPhone Developer";
				COPY_PHASE_STRIP = NO;
				GCC_C_LANGUAGE_STANDARD = gnu99;
				GCC_DYNAMIC_NO_PIC = NO;
				GCC_OPTIMIZATION_LEVEL = 0;
				GCC_PREPROCESSOR_DEFINITIONS = (
					"DEBUG=1",
					"$(inherited)",
				);
				GCC_SYMBOLS_PRIVATE_EXTERN = NO;
				GCC_WARN_ABOUT_RETURN_TYPE = YES;
				GCC_WARN_UNINITIALIZED_AUTOS = YES;
				GCC_WARN_UNUSED_VARIABLE = YES;
				IPHONEOS_DEPLOYMENT_TARGET = 6.0;
				ONLY_ACTIVE_ARCH = YES;
				SDKROOT = iphoneos;
				TARGETED_DEVICE_FAMILY = "1,2";
			};
			name = Debug;
		};
		DB8A3FD61670074A00AF45F9 /* Release */ = {
			isa = XCBuildConfiguration;
			buildSettings = {
				ALWAYS_SEARCH_USER_PATHS = NO;
				CLANG_CXX_LANGUAGE_STANDARD = "gnu++0x";
				CLANG_CXX_LIBRARY = "libc++";
				CLANG_ENABLE_OBJC_ARC = YES;
				CLANG_WARN_EMPTY_BODY = YES;
				CLANG_WARN__DUPLICATE_METHOD_MATCH = YES;
				"CODE_SIGN_IDENTITY[sdk=iphoneos*]" = "iPhone Developer";
				COPY_PHASE_STRIP = YES;
				GCC_C_LANGUAGE_STANDARD = gnu99;
				GCC_WARN_ABOUT_RETURN_TYPE = YES;
				GCC_WARN_UNINITIALIZED_AUTOS = YES;
				GCC_WARN_UNUSED_VARIABLE = YES;
				IPHONEOS_DEPLOYMENT_TARGET = 6.0;
				OTHER_CFLAGS = "-DNS_BLOCK_ASSERTIONS=1";
				SDKROOT = iphoneos;
				TARGETED_DEVICE_FAMILY = "1,2";
				VALIDATE_PRODUCT = YES;
			};
			name = Release;
		};
		DB8A3FD81670074A00AF45F9 /* Debug */ = {
			isa = XCBuildConfiguration;
			buildSettings = {
				CODE_SIGN_IDENTITY = "iPhone Developer: David Weekly (XPCNQ9499C)";
				"CODE_SIGN_IDENTITY[sdk=iphoneos*]" = "iPhone Developer: David Weekly (XPCNQ9499C)";
				GCC_PRECOMPILE_PREFIX_HEADER = YES;
				GCC_PREFIX_HEADER = "Othello3/isreveR-Prefix.pch";
				INFOPLIST_FILE = "Othello3/isreveR-Info.plist";
				PRODUCT_NAME = isreveR;
				PROVISIONING_PROFILE = "791A90D6-B8D1-4F66-A758-8B71A278E7B2";
				"PROVISIONING_PROFILE[sdk=iphoneos*]" = "791A90D6-B8D1-4F66-A758-8B71A278E7B2";
				WRAPPER_EXTENSION = app;
			};
			name = Debug;
		};
		DB8A3FD91670074A00AF45F9 /* Release */ = {
			isa = XCBuildConfiguration;
			buildSettings = {
				CODE_SIGN_IDENTITY = "";
				"CODE_SIGN_IDENTITY[sdk=iphoneos*]" = "";
				GCC_PRECOMPILE_PREFIX_HEADER = YES;
				GCC_PREFIX_HEADER = "Othello3/isreveR-Prefix.pch";
				INFOPLIST_FILE = "Othello3/isreveR-Info.plist";
				PRODUCT_NAME = isreveR;
				WRAPPER_EXTENSION = app;
			};
			name = Release;
		};
		DB8A3FDB1670074A00AF45F9 /* Debug */ = {
			isa = XCBuildConfiguration;
			buildSettings = {
				BUNDLE_LOADER = "$(BUILT_PRODUCTS_DIR)/Othello3.app/Othello3";
				FRAMEWORK_SEARCH_PATHS = (
					"\"$(SDKROOT)/Developer/Library/Frameworks\"",
					"\"$(DEVELOPER_LIBRARY_DIR)/Frameworks\"",
				);
				GCC_PRECOMPILE_PREFIX_HEADER = YES;
				GCC_PREFIX_HEADER = "Othello3/Othello3-Prefix.pch";
				INFOPLIST_FILE = "Othello3Tests/isreveRTests-Info.plist";
				PRODUCT_NAME = isreveRTests;
				TEST_HOST = "$(BUNDLE_LOADER)";
				WRAPPER_EXTENSION = octest;
			};
			name = Debug;
		};
		DB8A3FDC1670074A00AF45F9 /* Release */ = {
			isa = XCBuildConfiguration;
			buildSettings = {
				BUNDLE_LOADER = "$(BUILT_PRODUCTS_DIR)/Othello3.app/Othello3";
				FRAMEWORK_SEARCH_PATHS = (
					"\"$(SDKROOT)/Developer/Library/Frameworks\"",
					"\"$(DEVELOPER_LIBRARY_DIR)/Frameworks\"",
				);
				GCC_PRECOMPILE_PREFIX_HEADER = YES;
				GCC_PREFIX_HEADER = "Othello3/Othello3-Prefix.pch";
				INFOPLIST_FILE = "Othello3Tests/isreveRTests-Info.plist";
				PRODUCT_NAME = isreveRTests;
				TEST_HOST = "$(BUNDLE_LOADER)";
				WRAPPER_EXTENSION = octest;
			};
			name = Release;
		};
/* End XCBuildConfiguration section */

/* Begin XCConfigurationList section */
		DB8A3F951670074A00AF45F9 /* Build configuration list for PBXProject "isreveR" */ = {
			isa = XCConfigurationList;
			buildConfigurations = (
				DB8A3FD51670074A00AF45F9 /* Debug */,
				DB8A3FD61670074A00AF45F9 /* Release */,
			);
			defaultConfigurationIsVisible = 0;
			defaultConfigurationName = Release;
		};
		DB8A3FD71670074A00AF45F9 /* Build configuration list for PBXNativeTarget "isreveR" */ = {
			isa = XCConfigurationList;
			buildConfigurations = (
				DB8A3FD81670074A00AF45F9 /* Debug */,
				DB8A3FD91670074A00AF45F9 /* Release */,
			);
			defaultConfigurationIsVisible = 0;
			defaultConfigurationName = Release;
		};
		DB8A3FDA1670074A00AF45F9 /* Build configuration list for PBXNativeTarget "isreveRTests" */ = {
			isa = XCConfigurationList;
			buildConfigurations = (
				DB8A3FDB1670074A00AF45F9 /* Debug */,
				DB8A3FDC1670074A00AF45F9 /* Release */,
			);
			defaultConfigurationIsVisible = 0;
			defaultConfigurationName = Release;
		};
/* End XCConfigurationList section */
	};
	rootObject = DB8A3F921670074A00AF45F9 /* Project object */;
}
