// !$*UTF8*$!
{
	archiveVersion = 1;
	classes = {
	};
	objectVersion = 51;
	objects = {

/* Begin PBXBuildFile section */
		16ED8BEC7D82D6EE1C5D0548 /* libPods-isreveR.a in Frameworks */ = {isa = PBXBuildFile; fileRef = 3A821562BF106AA9CC2D7563 /* libPods-isreveR.a */; };
		ABB2E53E34A74162A196145A /* libPods-isreveRTests.a in Frameworks */ = {isa = PBXBuildFile; fileRef = 293FEFBC58358087A03CC212 /* libPods-isreveRTests.a */; };
		DB1208AA167D8A2E0068FD6A /* OthelloGameController.m in Sources */ = {isa = PBXBuildFile; fileRef = DB1208A9167D8A2E0068FD6A /* OthelloGameController.m */; };
		DB1208B0167DAB2A0068FD6A /* SystemConfiguration.framework in Frameworks */ = {isa = PBXBuildFile; fileRef = DB1208AF167DAB2A0068FD6A /* SystemConfiguration.framework */; };
		DB184E2816A05C2900F998D9 /* iTunesArtwork in Resources */ = {isa = PBXBuildFile; fileRef = DB184E2616A05C2900F998D9 /* iTunesArtwork */; };
		DB184E2916A05C2900F998D9 /* iTunesArtwork@2x in Resources */ = {isa = PBXBuildFile; fileRef = DB184E2716A05C2900F998D9 /* iTunesArtwork@2x */; };
		DB21954A1C533D8B00C1AF7C /* Security.framework in Frameworks */ = {isa = PBXBuildFile; fileRef = DB2195471C533D8B00C1AF7C /* Security.framework */; };
		DB21954E1C533E4000C1AF7C /* libz.tbd in Frameworks */ = {isa = PBXBuildFile; fileRef = DB21954D1C533E4000C1AF7C /* libz.tbd */; };
		DB2195501C533E4D00C1AF7C /* libc++.tbd in Frameworks */ = {isa = PBXBuildFile; fileRef = DB21954F1C533E4D00C1AF7C /* libc++.tbd */; };
		DB2195541C534AF200C1AF7C /* Images.xcassets in Resources */ = {isa = PBXBuildFile; fileRef = DB2195531C534AF200C1AF7C /* Images.xcassets */; };
		DB2F0705167E5EAD00A22C8E /* AI_SimpleGreedy.m in Sources */ = {isa = PBXBuildFile; fileRef = DB2F0704167E5EAD00A22C8E /* AI_SimpleGreedy.m */; };
		DB2F0709167E630300A22C8E /* AI_Minimax.m in Sources */ = {isa = PBXBuildFile; fileRef = DB2F0708167E630300A22C8E /* AI_Minimax.m */; };
		DB2F070B167E78C400A22C8E /* StoreKit.framework in Frameworks */ = {isa = PBXBuildFile; fileRef = DB2F070A167E78C400A22C8E /* StoreKit.framework */; settings = {ATTRIBUTES = (Required, ); }; };
		DB35E1EA169A826000B4393B /* WelcomeViewController.m in Sources */ = {isa = PBXBuildFile; fileRef = DB35E1E8169A826000B4393B /* WelcomeViewController.m */; };
		DB35E1EB169A826000B4393B /* WelcomeViewController_iPhone.xib in Resources */ = {isa = PBXBuildFile; fileRef = DB35E1E9169A826000B4393B /* WelcomeViewController_iPhone.xib */; };
		DB35E1ED169A82F400B4393B /* WelcomeViewController_iPad.xib in Resources */ = {isa = PBXBuildFile; fileRef = DB35E1EC169A82F400B4393B /* WelcomeViewController_iPad.xib */; };
		DB35E1F5169A9AA100B4393B /* AboutViewController.m in Sources */ = {isa = PBXBuildFile; fileRef = DB35E1F3169A9AA100B4393B /* AboutViewController.m */; };
		DB35E1F6169A9AA100B4393B /* AboutViewController_iPhone.xib in Resources */ = {isa = PBXBuildFile; fileRef = DB35E1F4169A9AA100B4393B /* AboutViewController_iPhone.xib */; };
		DB35E1F9169A9AE700B4393B /* AboutViewController_iPad.xib in Resources */ = {isa = PBXBuildFile; fileRef = DB35E1F8169A9AE700B4393B /* AboutViewController_iPad.xib */; };
		DB35E1FD169B73F000B4393B /* OpponentSelectViewController.m in Sources */ = {isa = PBXBuildFile; fileRef = DB35E1FB169B73F000B4393B /* OpponentSelectViewController.m */; };
		DB35E1FE169B73F000B4393B /* OpponentSelectViewController_iPhone.xib in Resources */ = {isa = PBXBuildFile; fileRef = DB35E1FC169B73F000B4393B /* OpponentSelectViewController_iPhone.xib */; };
		DB35E201169B742300B4393B /* OpponentSelectViewController_iPad.xib in Resources */ = {isa = PBXBuildFile; fileRef = DB35E200169B742300B4393B /* OpponentSelectViewController_iPad.xib */; };
		DB64582E16D05B1900BE191D /* felt-iPad@2x.jpg in Resources */ = {isa = PBXBuildFile; fileRef = DB64582D16D05B1900BE191D /* felt-iPad@2x.jpg */; };
		DB64583016D05B2300BE191D /* felt-iPad.jpg in Resources */ = {isa = PBXBuildFile; fileRef = DB64582F16D05B2300BE191D /* felt-iPad.jpg */; };
		DB64583716D05F3C00BE191D /* AI_SimpleHeuristic.m in Sources */ = {isa = PBXBuildFile; fileRef = DB64583616D05F3C00BE191D /* AI_SimpleHeuristic.m */; };
		DB7B171E215F855600E65B59 /* GoogleService-Info.plist in Resources */ = {isa = PBXBuildFile; fileRef = DB7B171D215F855600E65B59 /* GoogleService-Info.plist */; };
		DB7B171F215F855600E65B59 /* GoogleService-Info.plist in Resources */ = {isa = PBXBuildFile; fileRef = DB7B171D215F855600E65B59 /* GoogleService-Info.plist */; };
		DB8A3FA01670074A00AF45F9 /* UIKit.framework in Frameworks */ = {isa = PBXBuildFile; fileRef = DB8A3F9F1670074A00AF45F9 /* UIKit.framework */; };
		DB8A3FA21670074A00AF45F9 /* Foundation.framework in Frameworks */ = {isa = PBXBuildFile; fileRef = DB8A3FA11670074A00AF45F9 /* Foundation.framework */; };
		DB8A3FA41670074A00AF45F9 /* CoreGraphics.framework in Frameworks */ = {isa = PBXBuildFile; fileRef = DB8A3FA31670074A00AF45F9 /* CoreGraphics.framework */; };
		DB8A3FAA1670074A00AF45F9 /* InfoPlist.strings in Resources */ = {isa = PBXBuildFile; fileRef = DB8A3FA81670074A00AF45F9 /* InfoPlist.strings */; };
		DB8A3FAC1670074A00AF45F9 /* main.m in Sources */ = {isa = PBXBuildFile; fileRef = DB8A3FAB1670074A00AF45F9 /* main.m */; };
		DB8A3FB01670074A00AF45F9 /* AppDelegate.m in Sources */ = {isa = PBXBuildFile; fileRef = DB8A3FAF1670074A00AF45F9 /* AppDelegate.m */; };
		DB8A3FB91670074A00AF45F9 /* GameBoardViewController.m in Sources */ = {isa = PBXBuildFile; fileRef = DB8A3FB81670074A00AF45F9 /* GameBoardViewController.m */; };
		DB8A3FBC1670074A00AF45F9 /* GameBoardViewController_iPhone.xib in Resources */ = {isa = PBXBuildFile; fileRef = DB8A3FBA1670074A00AF45F9 /* GameBoardViewController_iPhone.xib */; };
		DB8A3FBF1670074A00AF45F9 /* GameBoardViewController_iPad.xib in Resources */ = {isa = PBXBuildFile; fileRef = DB8A3FBD1670074A00AF45F9 /* GameBoardViewController_iPad.xib */; };
		DB8A3FC81670074A00AF45F9 /* UIKit.framework in Frameworks */ = {isa = PBXBuildFile; fileRef = DB8A3F9F1670074A00AF45F9 /* UIKit.framework */; };
		DB8A3FC91670074A00AF45F9 /* Foundation.framework in Frameworks */ = {isa = PBXBuildFile; fileRef = DB8A3FA11670074A00AF45F9 /* Foundation.framework */; };
		DB8A3FD11670074A00AF45F9 /* InfoPlist.strings in Resources */ = {isa = PBXBuildFile; fileRef = DB8A3FCF1670074A00AF45F9 /* InfoPlist.strings */; };
		DB8A3FD41670074A00AF45F9 /* isreveRTests.m in Sources */ = {isa = PBXBuildFile; fileRef = DB8A3FD31670074A00AF45F9 /* isreveRTests.m */; };
		DB8A3FE1167009E200AF45F9 /* OthelloBoardView.m in Sources */ = {isa = PBXBuildFile; fileRef = DB8A3FE0167009E200AF45F9 /* OthelloBoardView.m */; };
		DB8A3FFC167034C100AF45F9 /* AVFoundation.framework in Frameworks */ = {isa = PBXBuildFile; fileRef = DB8A3FFB167034C100AF45F9 /* AVFoundation.framework */; };
		DB8A40001670353500AF45F9 /* MessageUI.framework in Frameworks */ = {isa = PBXBuildFile; fileRef = DB8A3FFF1670353500AF45F9 /* MessageUI.framework */; };
		DB8A40021670353F00AF45F9 /* AudioToolbox.framework in Frameworks */ = {isa = PBXBuildFile; fileRef = DB8A40011670353F00AF45F9 /* AudioToolbox.framework */; };
		DB8A4011167063D200AF45F9 /* Icon-Small-50@2x.png in Resources */ = {isa = PBXBuildFile; fileRef = DB8A4007167063D200AF45F9 /* Icon-Small-50@2x.png */; };
		DB8A4012167063D200AF45F9 /* Icon-Small-50.png in Resources */ = {isa = PBXBuildFile; fileRef = DB8A4008167063D200AF45F9 /* Icon-Small-50.png */; };
		DB8A4013167063D200AF45F9 /* Icon-Small@2x.png in Resources */ = {isa = PBXBuildFile; fileRef = DB8A4009167063D200AF45F9 /* Icon-Small@2x.png */; };
		DB8A4014167063D200AF45F9 /* Icon-Small.png in Resources */ = {isa = PBXBuildFile; fileRef = DB8A400A167063D200AF45F9 /* Icon-Small.png */; };
		DB8A401C1670643000AF45F9 /* Icon.png in Resources */ = {isa = PBXBuildFile; fileRef = DB8A401B1670643000AF45F9 /* Icon.png */; };
		DB8A401E1670643900AF45F9 /* Icon@2x.png in Resources */ = {isa = PBXBuildFile; fileRef = DB8A401D1670643900AF45F9 /* Icon@2x.png */; };
		DB8A40201670645500AF45F9 /* Icon-72.png in Resources */ = {isa = PBXBuildFile; fileRef = DB8A401F1670645500AF45F9 /* Icon-72.png */; };
		DB8A40221670645A00AF45F9 /* Icon-72@2x.png in Resources */ = {isa = PBXBuildFile; fileRef = DB8A40211670645A00AF45F9 /* Icon-72@2x.png */; };
		DB991CC6167D5C37006CED4E /* blackstone-85.png in Resources */ = {isa = PBXBuildFile; fileRef = DB991CC4167D5C37006CED4E /* blackstone-85.png */; };
		DB991CC7167D5C37006CED4E /* blackstone-85@2x.png in Resources */ = {isa = PBXBuildFile; fileRef = DB991CC5167D5C37006CED4E /* blackstone-85@2x.png */; };
		DB991CCB167D5D7B006CED4E /* whitestone-85.png in Resources */ = {isa = PBXBuildFile; fileRef = DB991CC9167D5D7B006CED4E /* whitestone-85.png */; };
		DB991CCC167D5D7B006CED4E /* whitestone-85@2x.png in Resources */ = {isa = PBXBuildFile; fileRef = DB991CCA167D5D7B006CED4E /* whitestone-85@2x.png */; };
		DBCE59AD167179350022E0A0 /* CFNetwork.framework in Frameworks */ = {isa = PBXBuildFile; fileRef = DBCE59AC167179350022E0A0 /* CFNetwork.framework */; };
		DBF4689B169C817F0078B709 /* CoreLocation.framework in Frameworks */ = {isa = PBXBuildFile; fileRef = DBF4689A169C817F0078B709 /* CoreLocation.framework */; };
		DBF468A1169E4CBD0078B709 /* Othello.m in Sources */ = {isa = PBXBuildFile; fileRef = DBF468A0169E4CBD0078B709 /* Othello.m */; };
		DBFC7AC616716C5600629011 /* README.md in Resources */ = {isa = PBXBuildFile; fileRef = DBFC7AC516716C5600629011 /* README.md */; };
		DBFE50F5168171AC009B8C16 /* computerlost.mp3 in Resources */ = {isa = PBXBuildFile; fileRef = DBFE50F4168171AC009B8C16 /* computerlost.mp3 */; };
		DBFE50F7168171BD009B8C16 /* holdon.mp3 in Resources */ = {isa = PBXBuildFile; fileRef = DBFE50F6168171BD009B8C16 /* holdon.mp3 */; };
		DBFE50FA168171D8009B8C16 /* newgame.mp3 in Resources */ = {isa = PBXBuildFile; fileRef = DBFE50F8168171D8009B8C16 /* newgame.mp3 */; };
		DBFE50FB168171D8009B8C16 /* no.mp3 in Resources */ = {isa = PBXBuildFile; fileRef = DBFE50F9168171D8009B8C16 /* no.mp3 */; };
		DBFE50FD168171ED009B8C16 /* thpp.mp3 in Resources */ = {isa = PBXBuildFile; fileRef = DBFE50FC168171ED009B8C16 /* thpp.mp3 */; };
		DBFE50FF168171F7009B8C16 /* tie.mp3 in Resources */ = {isa = PBXBuildFile; fileRef = DBFE50FE168171F7009B8C16 /* tie.mp3 */; };
		DBFE510316817212009B8C16 /* whoop.mp3 in Resources */ = {isa = PBXBuildFile; fileRef = DBFE510216817212009B8C16 /* whoop.mp3 */; };
		DBFE51051681721C009B8C16 /* yay.mp3 in Resources */ = {isa = PBXBuildFile; fileRef = DBFE51041681721C009B8C16 /* yay.mp3 */; };
		DBFE510716817226009B8C16 /* youlost.mp3 in Resources */ = {isa = PBXBuildFile; fileRef = DBFE510616817226009B8C16 /* youlost.mp3 */; };
		DBFE510916817250009B8C16 /* boo.mp3 in Resources */ = {isa = PBXBuildFile; fileRef = DBFE510816817250009B8C16 /* boo.mp3 */; };
		DBFE510B16817267009B8C16 /* welcome.mp3 in Resources */ = {isa = PBXBuildFile; fileRef = DBFE510A16817267009B8C16 /* welcome.mp3 */; };
/* End PBXBuildFile section */

/* Begin PBXContainerItemProxy section */
		DB8A3FCA1670074A00AF45F9 /* PBXContainerItemProxy */ = {
			isa = PBXContainerItemProxy;
			containerPortal = DB8A3F921670074A00AF45F9 /* Project object */;
			proxyType = 1;
			remoteGlobalIDString = DB8A3F9A1670074A00AF45F9;
			remoteInfo = Othello3;
		};
/* End PBXContainerItemProxy section */

/* Begin PBXFileReference section */
		03235DA5A72F5F3CA62C2F8F /* Pods-isreveRTests.debug.xcconfig */ = {isa = PBXFileReference; includeInIndex = 1; lastKnownFileType = text.xcconfig; name = "Pods-isreveRTests.debug.xcconfig"; path = "Pods/Target Support Files/Pods-isreveRTests/Pods-isreveRTests.debug.xcconfig"; sourceTree = "<group>"; };
		293FEFBC58358087A03CC212 /* libPods-isreveRTests.a */ = {isa = PBXFileReference; explicitFileType = archive.ar; includeInIndex = 0; path = "libPods-isreveRTests.a"; sourceTree = BUILT_PRODUCTS_DIR; };
		3A821562BF106AA9CC2D7563 /* libPods-isreveR.a */ = {isa = PBXFileReference; explicitFileType = archive.ar; includeInIndex = 0; path = "libPods-isreveR.a"; sourceTree = BUILT_PRODUCTS_DIR; };
		5B020D0F3136A66A4E7CC8AB /* Pods-isreveR.release.xcconfig */ = {isa = PBXFileReference; includeInIndex = 1; lastKnownFileType = text.xcconfig; name = "Pods-isreveR.release.xcconfig"; path = "Pods/Target Support Files/Pods-isreveR/Pods-isreveR.release.xcconfig"; sourceTree = "<group>"; };
		8463F9AA4F100918F5B37C30 /* Pods-isreveR.debug.xcconfig */ = {isa = PBXFileReference; includeInIndex = 1; lastKnownFileType = text.xcconfig; name = "Pods-isreveR.debug.xcconfig"; path = "Pods/Target Support Files/Pods-isreveR/Pods-isreveR.debug.xcconfig"; sourceTree = "<group>"; };
		DB1208A8167D8A2E0068FD6A /* OthelloGameController.h */ = {isa = PBXFileReference; fileEncoding = 4; lastKnownFileType = sourcecode.c.h; path = OthelloGameController.h; sourceTree = "<group>"; };
		DB1208A9167D8A2E0068FD6A /* OthelloGameController.m */ = {isa = PBXFileReference; fileEncoding = 4; lastKnownFileType = sourcecode.c.objc; path = OthelloGameController.m; sourceTree = "<group>"; };
		DB1208AF167DAB2A0068FD6A /* SystemConfiguration.framework */ = {isa = PBXFileReference; lastKnownFileType = wrapper.framework; name = SystemConfiguration.framework; path = System/Library/Frameworks/SystemConfiguration.framework; sourceTree = SDKROOT; };
		DB184E2616A05C2900F998D9 /* iTunesArtwork */ = {isa = PBXFileReference; lastKnownFileType = file; path = iTunesArtwork; sourceTree = "<group>"; };
		DB184E2716A05C2900F998D9 /* iTunesArtwork@2x */ = {isa = PBXFileReference; lastKnownFileType = file; path = "iTunesArtwork@2x"; sourceTree = "<group>"; };
		DB2195471C533D8B00C1AF7C /* Security.framework */ = {isa = PBXFileReference; lastKnownFileType = wrapper.framework; name = Security.framework; path = System/Library/Frameworks/Security.framework; sourceTree = SDKROOT; };
		DB21954D1C533E4000C1AF7C /* libz.tbd */ = {isa = PBXFileReference; lastKnownFileType = "sourcecode.text-based-dylib-definition"; name = libz.tbd; path = usr/lib/libz.tbd; sourceTree = SDKROOT; };
		DB21954F1C533E4D00C1AF7C /* libc++.tbd */ = {isa = PBXFileReference; lastKnownFileType = "sourcecode.text-based-dylib-definition"; name = "libc++.tbd"; path = "usr/lib/libc++.tbd"; sourceTree = SDKROOT; };
		DB2195531C534AF200C1AF7C /* Images.xcassets */ = {isa = PBXFileReference; lastKnownFileType = folder.assetcatalog; name = Images.xcassets; path = isreveR/Images.xcassets; sourceTree = "<group>"; };
		DB2F0703167E5EAD00A22C8E /* AI_SimpleGreedy.h */ = {isa = PBXFileReference; fileEncoding = 4; lastKnownFileType = sourcecode.c.h; path = AI_SimpleGreedy.h; sourceTree = "<group>"; };
		DB2F0704167E5EAD00A22C8E /* AI_SimpleGreedy.m */ = {isa = PBXFileReference; fileEncoding = 4; lastKnownFileType = sourcecode.c.objc; path = AI_SimpleGreedy.m; sourceTree = "<group>"; };
		DB2F0707167E630300A22C8E /* AI_Minimax.h */ = {isa = PBXFileReference; fileEncoding = 4; lastKnownFileType = sourcecode.c.h; path = AI_Minimax.h; sourceTree = "<group>"; };
		DB2F0708167E630300A22C8E /* AI_Minimax.m */ = {isa = PBXFileReference; fileEncoding = 4; lastKnownFileType = sourcecode.c.objc; path = AI_Minimax.m; sourceTree = "<group>"; };
		DB2F070A167E78C400A22C8E /* StoreKit.framework */ = {isa = PBXFileReference; lastKnownFileType = wrapper.framework; name = StoreKit.framework; path = System/Library/Frameworks/StoreKit.framework; sourceTree = SDKROOT; };
		DB35E1E7169A826000B4393B /* WelcomeViewController.h */ = {isa = PBXFileReference; fileEncoding = 4; lastKnownFileType = sourcecode.c.h; path = WelcomeViewController.h; sourceTree = "<group>"; };
		DB35E1E8169A826000B4393B /* WelcomeViewController.m */ = {isa = PBXFileReference; fileEncoding = 4; lastKnownFileType = sourcecode.c.objc; path = WelcomeViewController.m; sourceTree = "<group>"; };
		DB35E1E9169A826000B4393B /* WelcomeViewController_iPhone.xib */ = {isa = PBXFileReference; fileEncoding = 4; lastKnownFileType = file.xib; path = WelcomeViewController_iPhone.xib; sourceTree = "<group>"; };
		DB35E1EC169A82F400B4393B /* WelcomeViewController_iPad.xib */ = {isa = PBXFileReference; fileEncoding = 4; lastKnownFileType = file.xib; path = WelcomeViewController_iPad.xib; sourceTree = "<group>"; };
		DB35E1F2169A9AA100B4393B /* AboutViewController.h */ = {isa = PBXFileReference; fileEncoding = 4; lastKnownFileType = sourcecode.c.h; path = AboutViewController.h; sourceTree = "<group>"; };
		DB35E1F3169A9AA100B4393B /* AboutViewController.m */ = {isa = PBXFileReference; fileEncoding = 4; lastKnownFileType = sourcecode.c.objc; path = AboutViewController.m; sourceTree = "<group>"; };
		DB35E1F4169A9AA100B4393B /* AboutViewController_iPhone.xib */ = {isa = PBXFileReference; fileEncoding = 4; lastKnownFileType = file.xib; path = AboutViewController_iPhone.xib; sourceTree = "<group>"; };
		DB35E1F8169A9AE700B4393B /* AboutViewController_iPad.xib */ = {isa = PBXFileReference; fileEncoding = 4; lastKnownFileType = file.xib; path = AboutViewController_iPad.xib; sourceTree = "<group>"; };
		DB35E1FA169B73F000B4393B /* OpponentSelectViewController.h */ = {isa = PBXFileReference; fileEncoding = 4; lastKnownFileType = sourcecode.c.h; path = OpponentSelectViewController.h; sourceTree = "<group>"; };
		DB35E1FB169B73F000B4393B /* OpponentSelectViewController.m */ = {isa = PBXFileReference; fileEncoding = 4; lastKnownFileType = sourcecode.c.objc; path = OpponentSelectViewController.m; sourceTree = "<group>"; };
		DB35E1FC169B73F000B4393B /* OpponentSelectViewController_iPhone.xib */ = {isa = PBXFileReference; fileEncoding = 4; lastKnownFileType = file.xib; path = OpponentSelectViewController_iPhone.xib; sourceTree = "<group>"; };
		DB35E200169B742300B4393B /* OpponentSelectViewController_iPad.xib */ = {isa = PBXFileReference; fileEncoding = 4; lastKnownFileType = file.xib; path = OpponentSelectViewController_iPad.xib; sourceTree = "<group>"; };
		DB64582D16D05B1900BE191D /* felt-iPad@2x.jpg */ = {isa = PBXFileReference; lastKnownFileType = image.jpeg; path = "felt-iPad@2x.jpg"; sourceTree = "<group>"; };
		DB64582F16D05B2300BE191D /* felt-iPad.jpg */ = {isa = PBXFileReference; lastKnownFileType = image.jpeg; path = "felt-iPad.jpg"; sourceTree = "<group>"; };
		DB64583516D05F3C00BE191D /* AI_SimpleHeuristic.h */ = {isa = PBXFileReference; fileEncoding = 4; lastKnownFileType = sourcecode.c.h; path = AI_SimpleHeuristic.h; sourceTree = "<group>"; };
		DB64583616D05F3C00BE191D /* AI_SimpleHeuristic.m */ = {isa = PBXFileReference; fileEncoding = 4; lastKnownFileType = sourcecode.c.objc; path = AI_SimpleHeuristic.m; sourceTree = "<group>"; };
		DB7B171D215F855600E65B59 /* GoogleService-Info.plist */ = {isa = PBXFileReference; fileEncoding = 4; lastKnownFileType = text.plist.xml; path = "GoogleService-Info.plist"; sourceTree = "<group>"; };
		DB8A3F9B1670074A00AF45F9 /* isreveR.app */ = {isa = PBXFileReference; explicitFileType = wrapper.application; includeInIndex = 0; path = isreveR.app; sourceTree = BUILT_PRODUCTS_DIR; };
		DB8A3F9F1670074A00AF45F9 /* UIKit.framework */ = {isa = PBXFileReference; lastKnownFileType = wrapper.framework; name = UIKit.framework; path = System/Library/Frameworks/UIKit.framework; sourceTree = SDKROOT; };
		DB8A3FA11670074A00AF45F9 /* Foundation.framework */ = {isa = PBXFileReference; lastKnownFileType = wrapper.framework; name = Foundation.framework; path = System/Library/Frameworks/Foundation.framework; sourceTree = SDKROOT; };
		DB8A3FA31670074A00AF45F9 /* CoreGraphics.framework */ = {isa = PBXFileReference; lastKnownFileType = wrapper.framework; name = CoreGraphics.framework; path = System/Library/Frameworks/CoreGraphics.framework; sourceTree = SDKROOT; };
		DB8A3FA71670074A00AF45F9 /* isreveR-Info.plist */ = {isa = PBXFileReference; lastKnownFileType = text.plist.xml; path = "isreveR-Info.plist"; sourceTree = "<group>"; };
		DB8A3FA91670074A00AF45F9 /* en */ = {isa = PBXFileReference; lastKnownFileType = text.plist.strings; name = en; path = en.lproj/InfoPlist.strings; sourceTree = "<group>"; };
		DB8A3FAB1670074A00AF45F9 /* main.m */ = {isa = PBXFileReference; lastKnownFileType = sourcecode.c.objc; path = main.m; sourceTree = "<group>"; };
		DB8A3FAD1670074A00AF45F9 /* isreveR-Prefix.pch */ = {isa = PBXFileReference; lastKnownFileType = sourcecode.c.h; path = "isreveR-Prefix.pch"; sourceTree = "<group>"; };
		DB8A3FAE1670074A00AF45F9 /* AppDelegate.h */ = {isa = PBXFileReference; lastKnownFileType = sourcecode.c.h; path = AppDelegate.h; sourceTree = "<group>"; };
		DB8A3FAF1670074A00AF45F9 /* AppDelegate.m */ = {isa = PBXFileReference; lastKnownFileType = sourcecode.c.objc; path = AppDelegate.m; sourceTree = "<group>"; };
		DB8A3FB71670074A00AF45F9 /* GameBoardViewController.h */ = {isa = PBXFileReference; lastKnownFileType = sourcecode.c.h; path = GameBoardViewController.h; sourceTree = "<group>"; };
		DB8A3FB81670074A00AF45F9 /* GameBoardViewController.m */ = {isa = PBXFileReference; lastKnownFileType = sourcecode.c.objc; path = GameBoardViewController.m; sourceTree = "<group>"; };
		DB8A3FC51670074A00AF45F9 /* isreveRTests.octest */ = {isa = PBXFileReference; explicitFileType = wrapper.cfbundle; includeInIndex = 0; path = isreveRTests.octest; sourceTree = BUILT_PRODUCTS_DIR; };
		DB8A3FCE1670074A00AF45F9 /* isreveRTests-Info.plist */ = {isa = PBXFileReference; lastKnownFileType = text.plist.xml; path = "isreveRTests-Info.plist"; sourceTree = "<group>"; };
		DB8A3FD01670074A00AF45F9 /* en */ = {isa = PBXFileReference; lastKnownFileType = text.plist.strings; name = en; path = en.lproj/InfoPlist.strings; sourceTree = "<group>"; };
		DB8A3FD21670074A00AF45F9 /* isreveRTests.h */ = {isa = PBXFileReference; lastKnownFileType = sourcecode.c.h; path = isreveRTests.h; sourceTree = "<group>"; };
		DB8A3FD31670074A00AF45F9 /* isreveRTests.m */ = {isa = PBXFileReference; lastKnownFileType = sourcecode.c.objc; path = isreveRTests.m; sourceTree = "<group>"; };
		DB8A3FDF167009E200AF45F9 /* OthelloBoardView.h */ = {isa = PBXFileReference; fileEncoding = 4; lastKnownFileType = sourcecode.c.h; path = OthelloBoardView.h; sourceTree = "<group>"; };
		DB8A3FE0167009E200AF45F9 /* OthelloBoardView.m */ = {isa = PBXFileReference; fileEncoding = 4; lastKnownFileType = sourcecode.c.objc; path = OthelloBoardView.m; sourceTree = "<group>"; };
		DB8A3FFB167034C100AF45F9 /* AVFoundation.framework */ = {isa = PBXFileReference; lastKnownFileType = wrapper.framework; name = AVFoundation.framework; path = System/Library/Frameworks/AVFoundation.framework; sourceTree = SDKROOT; };
		DB8A3FFF1670353500AF45F9 /* MessageUI.framework */ = {isa = PBXFileReference; lastKnownFileType = wrapper.framework; name = MessageUI.framework; path = System/Library/Frameworks/MessageUI.framework; sourceTree = SDKROOT; };
		DB8A40011670353F00AF45F9 /* AudioToolbox.framework */ = {isa = PBXFileReference; lastKnownFileType = wrapper.framework; name = AudioToolbox.framework; path = System/Library/Frameworks/AudioToolbox.framework; sourceTree = SDKROOT; };
		DB8A4007167063D200AF45F9 /* Icon-Small-50@2x.png */ = {isa = PBXFileReference; lastKnownFileType = image.png; name = "Icon-Small-50@2x.png"; path = "Othello3/Icon-Small-50@2x.png"; sourceTree = "<group>"; };
		DB8A4008167063D200AF45F9 /* Icon-Small-50.png */ = {isa = PBXFileReference; lastKnownFileType = image.png; name = "Icon-Small-50.png"; path = "Othello3/Icon-Small-50.png"; sourceTree = "<group>"; };
		DB8A4009167063D200AF45F9 /* Icon-Small@2x.png */ = {isa = PBXFileReference; lastKnownFileType = image.png; name = "Icon-Small@2x.png"; path = "Othello3/Icon-Small@2x.png"; sourceTree = "<group>"; };
		DB8A400A167063D200AF45F9 /* Icon-Small.png */ = {isa = PBXFileReference; lastKnownFileType = image.png; name = "Icon-Small.png"; path = "Othello3/Icon-Small.png"; sourceTree = "<group>"; };
		DB8A401B1670643000AF45F9 /* Icon.png */ = {isa = PBXFileReference; lastKnownFileType = image.png; path = Icon.png; sourceTree = "<group>"; };
		DB8A401D1670643900AF45F9 /* Icon@2x.png */ = {isa = PBXFileReference; lastKnownFileType = image.png; path = "Icon@2x.png"; sourceTree = "<group>"; };
		DB8A401F1670645500AF45F9 /* Icon-72.png */ = {isa = PBXFileReference; lastKnownFileType = image.png; path = "Icon-72.png"; sourceTree = "<group>"; };
		DB8A40211670645A00AF45F9 /* Icon-72@2x.png */ = {isa = PBXFileReference; lastKnownFileType = image.png; path = "Icon-72@2x.png"; sourceTree = "<group>"; };
		DB9339241C533A3000587012 /* Base */ = {isa = PBXFileReference; lastKnownFileType = file.xib; name = Base; path = Base.lproj/GameBoardViewController_iPhone.xib; sourceTree = "<group>"; };
		DB9339251C533A3000587012 /* Base */ = {isa = PBXFileReference; lastKnownFileType = file.xib; name = Base; path = Base.lproj/GameBoardViewController_iPad.xib; sourceTree = "<group>"; };
		DB991CC4167D5C37006CED4E /* blackstone-85.png */ = {isa = PBXFileReference; lastKnownFileType = image.png; path = "blackstone-85.png"; sourceTree = "<group>"; };
		DB991CC5167D5C37006CED4E /* blackstone-85@2x.png */ = {isa = PBXFileReference; lastKnownFileType = image.png; path = "blackstone-85@2x.png"; sourceTree = "<group>"; };
		DB991CC9167D5D7B006CED4E /* whitestone-85.png */ = {isa = PBXFileReference; lastKnownFileType = image.png; path = "whitestone-85.png"; sourceTree = "<group>"; };
		DB991CCA167D5D7B006CED4E /* whitestone-85@2x.png */ = {isa = PBXFileReference; lastKnownFileType = image.png; path = "whitestone-85@2x.png"; sourceTree = "<group>"; };
		DBCE59AC167179350022E0A0 /* CFNetwork.framework */ = {isa = PBXFileReference; lastKnownFileType = wrapper.framework; name = CFNetwork.framework; path = System/Library/Frameworks/CFNetwork.framework; sourceTree = SDKROOT; };
		DBF4689A169C817F0078B709 /* CoreLocation.framework */ = {isa = PBXFileReference; lastKnownFileType = wrapper.framework; name = CoreLocation.framework; path = System/Library/Frameworks/CoreLocation.framework; sourceTree = SDKROOT; };
		DBF4689E169E4C0D0078B709 /* AI.h */ = {isa = PBXFileReference; fileEncoding = 4; lastKnownFileType = sourcecode.c.h; path = AI.h; sourceTree = "<group>"; };
		DBF4689F169E4CBD0078B709 /* Othello.h */ = {isa = PBXFileReference; fileEncoding = 4; lastKnownFileType = sourcecode.c.h; path = Othello.h; sourceTree = "<group>"; };
		DBF468A0169E4CBD0078B709 /* Othello.m */ = {isa = PBXFileReference; fileEncoding = 4; lastKnownFileType = sourcecode.c.objc; path = Othello.m; sourceTree = "<group>"; };
		DBFC7AC516716C5600629011 /* README.md */ = {isa = PBXFileReference; fileEncoding = 4; lastKnownFileType = text; path = README.md; sourceTree = "<group>"; };
		DBFE50F4168171AC009B8C16 /* computerlost.mp3 */ = {isa = PBXFileReference; lastKnownFileType = audio.mp3; path = computerlost.mp3; sourceTree = "<group>"; };
		DBFE50F6168171BD009B8C16 /* holdon.mp3 */ = {isa = PBXFileReference; lastKnownFileType = audio.mp3; path = holdon.mp3; sourceTree = "<group>"; };
		DBFE50F8168171D8009B8C16 /* newgame.mp3 */ = {isa = PBXFileReference; lastKnownFileType = audio.mp3; path = newgame.mp3; sourceTree = "<group>"; };
		DBFE50F9168171D8009B8C16 /* no.mp3 */ = {isa = PBXFileReference; lastKnownFileType = audio.mp3; path = no.mp3; sourceTree = "<group>"; };
		DBFE50FC168171ED009B8C16 /* thpp.mp3 */ = {isa = PBXFileReference; lastKnownFileType = audio.mp3; path = thpp.mp3; sourceTree = "<group>"; };
		DBFE50FE168171F7009B8C16 /* tie.mp3 */ = {isa = PBXFileReference; lastKnownFileType = audio.mp3; path = tie.mp3; sourceTree = "<group>"; };
		DBFE510216817212009B8C16 /* whoop.mp3 */ = {isa = PBXFileReference; lastKnownFileType = audio.mp3; path = whoop.mp3; sourceTree = "<group>"; };
		DBFE51041681721C009B8C16 /* yay.mp3 */ = {isa = PBXFileReference; lastKnownFileType = audio.mp3; path = yay.mp3; sourceTree = "<group>"; };
		DBFE510616817226009B8C16 /* youlost.mp3 */ = {isa = PBXFileReference; lastKnownFileType = audio.mp3; path = youlost.mp3; sourceTree = "<group>"; };
		DBFE510816817250009B8C16 /* boo.mp3 */ = {isa = PBXFileReference; lastKnownFileType = audio.mp3; path = boo.mp3; sourceTree = "<group>"; };
		DBFE510A16817267009B8C16 /* welcome.mp3 */ = {isa = PBXFileReference; lastKnownFileType = audio.mp3; path = welcome.mp3; sourceTree = "<group>"; };
		E6FB07F7BCC21C54F9F2E196 /* Pods-isreveRTests.release.xcconfig */ = {isa = PBXFileReference; includeInIndex = 1; lastKnownFileType = text.xcconfig; name = "Pods-isreveRTests.release.xcconfig"; path = "Pods/Target Support Files/Pods-isreveRTests/Pods-isreveRTests.release.xcconfig"; sourceTree = "<group>"; };
/* End PBXFileReference section */

/* Begin PBXFrameworksBuildPhase section */
		DB8A3F981670074A00AF45F9 /* Frameworks */ = {
			isa = PBXFrameworksBuildPhase;
			buildActionMask = 2147483647;
			files = (
				DB2195501C533E4D00C1AF7C /* libc++.tbd in Frameworks */,
				DB21954E1C533E4000C1AF7C /* libz.tbd in Frameworks */,
				DBF4689B169C817F0078B709 /* CoreLocation.framework in Frameworks */,
				DB2F070B167E78C400A22C8E /* StoreKit.framework in Frameworks */,
				DB1208B0167DAB2A0068FD6A /* SystemConfiguration.framework in Frameworks */,
				DBCE59AD167179350022E0A0 /* CFNetwork.framework in Frameworks */,
				DB8A40021670353F00AF45F9 /* AudioToolbox.framework in Frameworks */,
				DB8A40001670353500AF45F9 /* MessageUI.framework in Frameworks */,
				DB8A3FFC167034C100AF45F9 /* AVFoundation.framework in Frameworks */,
				DB8A3FA01670074A00AF45F9 /* UIKit.framework in Frameworks */,
				DB8A3FA21670074A00AF45F9 /* Foundation.framework in Frameworks */,
				DB21954A1C533D8B00C1AF7C /* Security.framework in Frameworks */,
				DB8A3FA41670074A00AF45F9 /* CoreGraphics.framework in Frameworks */,
				16ED8BEC7D82D6EE1C5D0548 /* libPods-isreveR.a in Frameworks */,
			);
			runOnlyForDeploymentPostprocessing = 0;
		};
		DB8A3FC11670074A00AF45F9 /* Frameworks */ = {
			isa = PBXFrameworksBuildPhase;
			buildActionMask = 2147483647;
			files = (
				DB8A3FC81670074A00AF45F9 /* UIKit.framework in Frameworks */,
				DB8A3FC91670074A00AF45F9 /* Foundation.framework in Frameworks */,
				ABB2E53E34A74162A196145A /* libPods-isreveRTests.a in Frameworks */,
			);
			runOnlyForDeploymentPostprocessing = 0;
		};
/* End PBXFrameworksBuildPhase section */

/* Begin PBXGroup section */
		58088D7A60B80FFF6D7CFC56 /* Frameworks */ = {
			isa = PBXGroup;
			children = (
				3A821562BF106AA9CC2D7563 /* libPods-isreveR.a */,
				293FEFBC58358087A03CC212 /* libPods-isreveRTests.a */,
			);
			name = Frameworks;
			sourceTree = "<group>";
		};
		96D1F5B57E61C2EF8A4E3379 /* Pods */ = {
			isa = PBXGroup;
			children = (
				8463F9AA4F100918F5B37C30 /* Pods-isreveR.debug.xcconfig */,
				5B020D0F3136A66A4E7CC8AB /* Pods-isreveR.release.xcconfig */,
				03235DA5A72F5F3CA62C2F8F /* Pods-isreveRTests.debug.xcconfig */,
				E6FB07F7BCC21C54F9F2E196 /* Pods-isreveRTests.release.xcconfig */,
			);
			name = Pods;
			sourceTree = "<group>";
		};
		DB1208A6167D82840068FD6A /* screens */ = {
			isa = PBXGroup;
			children = (
			);
			name = screens;
			path = ..;
			sourceTree = "<group>";
		};
		DB1208A7167D82C50068FD6A /* project */ = {
			isa = PBXGroup;
			children = (
				DB8A3FAB1670074A00AF45F9 /* main.m */,
				DB8A3FAE1670074A00AF45F9 /* AppDelegate.h */,
				DB8A3FAF1670074A00AF45F9 /* AppDelegate.m */,
				DB8A3FA71670074A00AF45F9 /* isreveR-Info.plist */,
				DB8A3FA81670074A00AF45F9 /* InfoPlist.strings */,
				DB7B171D215F855600E65B59 /* GoogleService-Info.plist */,
				DB8A3FAD1670074A00AF45F9 /* isreveR-Prefix.pch */,
			);
			name = project;
			path = Othello3;
			sourceTree = "<group>";
		};
		DB2F0706167E62A100A22C8E /* ai */ = {
			isa = PBXGroup;
			children = (
				DBF4689E169E4C0D0078B709 /* AI.h */,
				DB2F0703167E5EAD00A22C8E /* AI_SimpleGreedy.h */,
				DB2F0704167E5EAD00A22C8E /* AI_SimpleGreedy.m */,
				DB64583516D05F3C00BE191D /* AI_SimpleHeuristic.h */,
				DB64583616D05F3C00BE191D /* AI_SimpleHeuristic.m */,
				DB2F0707167E630300A22C8E /* AI_Minimax.h */,
				DB2F0708167E630300A22C8E /* AI_Minimax.m */,
			);
			name = ai;
			path = Othello3;
			sourceTree = "<group>";
		};
		DB35E1EE169A84A600B4393B /* welcome */ = {
			isa = PBXGroup;
			children = (
				DB35E1E7169A826000B4393B /* WelcomeViewController.h */,
				DB35E1E8169A826000B4393B /* WelcomeViewController.m */,
				DB35E1E9169A826000B4393B /* WelcomeViewController_iPhone.xib */,
				DB35E1EC169A82F400B4393B /* WelcomeViewController_iPad.xib */,
			);
			name = welcome;
			sourceTree = "<group>";
		};
		DB35E1EF169A84BF00B4393B /* game */ = {
			isa = PBXGroup;
			children = (
				DB8A3FB71670074A00AF45F9 /* GameBoardViewController.h */,
				DB8A3FB81670074A00AF45F9 /* GameBoardViewController.m */,
				DB8A3FBA1670074A00AF45F9 /* GameBoardViewController_iPhone.xib */,
				DB8A3FBD1670074A00AF45F9 /* GameBoardViewController_iPad.xib */,
				DB35E202169B7AE400B4393B /* board */,
				DB35E203169B7AEA00B4393B /* logic */,
			);
			name = game;
			sourceTree = "<group>";
		};
		DB35E1F0169A84C700B4393B /* views */ = {
			isa = PBXGroup;
			children = (
				DB35E1F7169A9AA600B4393B /* about */,
				DB35E1FF169B73F400B4393B /* opponent select */,
				DB35E1EE169A84A600B4393B /* welcome */,
				DB35E1EF169A84BF00B4393B /* game */,
			);
			name = views;
			path = Othello3;
			sourceTree = "<group>";
		};
		DB35E1F7169A9AA600B4393B /* about */ = {
			isa = PBXGroup;
			children = (
				DB35E1F2169A9AA100B4393B /* AboutViewController.h */,
				DB35E1F3169A9AA100B4393B /* AboutViewController.m */,
				DB35E1F4169A9AA100B4393B /* AboutViewController_iPhone.xib */,
				DB35E1F8169A9AE700B4393B /* AboutViewController_iPad.xib */,
			);
			name = about;
			sourceTree = "<group>";
		};
		DB35E1FF169B73F400B4393B /* opponent select */ = {
			isa = PBXGroup;
			children = (
				DB35E1FA169B73F000B4393B /* OpponentSelectViewController.h */,
				DB35E1FB169B73F000B4393B /* OpponentSelectViewController.m */,
				DB35E1FC169B73F000B4393B /* OpponentSelectViewController_iPhone.xib */,
				DB35E200169B742300B4393B /* OpponentSelectViewController_iPad.xib */,
			);
			name = "opponent select";
			sourceTree = "<group>";
		};
		DB35E202169B7AE400B4393B /* board */ = {
			isa = PBXGroup;
			children = (
				DB8A3FDF167009E200AF45F9 /* OthelloBoardView.h */,
				DB8A3FE0167009E200AF45F9 /* OthelloBoardView.m */,
			);
			name = board;
			sourceTree = "<group>";
		};
		DB35E203169B7AEA00B4393B /* logic */ = {
			isa = PBXGroup;
			children = (
				DBF4689F169E4CBD0078B709 /* Othello.h */,
				DBF468A0169E4CBD0078B709 /* Othello.m */,
				DB1208A8167D8A2E0068FD6A /* OthelloGameController.h */,
				DB1208A9167D8A2E0068FD6A /* OthelloGameController.m */,
			);
			name = logic;
			sourceTree = "<group>";
		};
		DB8A3F901670074A00AF45F9 = {
			isa = PBXGroup;
			children = (
				DB2195531C534AF200C1AF7C /* Images.xcassets */,
				DB21954F1C533E4D00C1AF7C /* libc++.tbd */,
				DB21954D1C533E4000C1AF7C /* libz.tbd */,
				DBFC7AC516716C5600629011 /* README.md */,
				DB1208A7167D82C50068FD6A /* project */,
				DB8A3FA61670074A00AF45F9 /* assets */,
				DB2F0706167E62A100A22C8E /* ai */,
				DB35E1F0169A84C700B4393B /* views */,
				DB8A3FCC1670074A00AF45F9 /* tests */,
				DB8A3F9E1670074A00AF45F9 /* frameworks */,
				DB8A3F9C1670074A00AF45F9 /* products */,
				96D1F5B57E61C2EF8A4E3379 /* Pods */,
				58088D7A60B80FFF6D7CFC56 /* Frameworks */,
			);
			sourceTree = "<group>";
		};
		DB8A3F9C1670074A00AF45F9 /* products */ = {
			isa = PBXGroup;
			children = (
				DB8A3F9B1670074A00AF45F9 /* isreveR.app */,
				DB8A3FC51670074A00AF45F9 /* isreveRTests.octest */,
			);
			name = products;
			sourceTree = "<group>";
		};
		DB8A3F9E1670074A00AF45F9 /* frameworks */ = {
			isa = PBXGroup;
			children = (
				DB2195471C533D8B00C1AF7C /* Security.framework */,
				DBF4689A169C817F0078B709 /* CoreLocation.framework */,
				DB2F070A167E78C400A22C8E /* StoreKit.framework */,
				DB1208AF167DAB2A0068FD6A /* SystemConfiguration.framework */,
				DBCE59AC167179350022E0A0 /* CFNetwork.framework */,
				DB8A40011670353F00AF45F9 /* AudioToolbox.framework */,
				DB8A3FFF1670353500AF45F9 /* MessageUI.framework */,
				DB8A3FFB167034C100AF45F9 /* AVFoundation.framework */,
				DB8A3F9F1670074A00AF45F9 /* UIKit.framework */,
				DB8A3FA11670074A00AF45F9 /* Foundation.framework */,
				DB8A3FA31670074A00AF45F9 /* CoreGraphics.framework */,
			);
			name = frameworks;
			sourceTree = "<group>";
		};
		DB8A3FA61670074A00AF45F9 /* assets */ = {
			isa = PBXGroup;
			children = (
				DBFC7AC316716C0900629011 /* icons */,
				DB1208A6167D82840068FD6A /* screens */,
				DBFC7ACB1671701B00629011 /* sfx */,
				DBFC7ACC1671702600629011 /* board */,
			);
			name = assets;
			path = Othello3;
			sourceTree = "<group>";
		};
		DB8A3FCC1670074A00AF45F9 /* tests */ = {
			isa = PBXGroup;
			children = (
				DB8A3FD21670074A00AF45F9 /* isreveRTests.h */,
				DB8A3FD31670074A00AF45F9 /* isreveRTests.m */,
				DB8A3FCD1670074A00AF45F9 /* Supporting Files */,
			);
			name = tests;
			path = Othello3Tests;
			sourceTree = "<group>";
		};
		DB8A3FCD1670074A00AF45F9 /* Supporting Files */ = {
			isa = PBXGroup;
			children = (
				DB8A3FCE1670074A00AF45F9 /* isreveRTests-Info.plist */,
				DB8A3FCF1670074A00AF45F9 /* InfoPlist.strings */,
			);
			name = "Supporting Files";
			sourceTree = "<group>";
		};
		DBFC7AC316716C0900629011 /* icons */ = {
			isa = PBXGroup;
			children = (
				DB184E2616A05C2900F998D9 /* iTunesArtwork */,
				DB184E2716A05C2900F998D9 /* iTunesArtwork@2x */,
				DB8A4007167063D200AF45F9 /* Icon-Small-50@2x.png */,
				DB8A4008167063D200AF45F9 /* Icon-Small-50.png */,
				DB8A4009167063D200AF45F9 /* Icon-Small@2x.png */,
				DB8A400A167063D200AF45F9 /* Icon-Small.png */,
				DB8A40211670645A00AF45F9 /* Icon-72@2x.png */,
				DB8A401F1670645500AF45F9 /* Icon-72.png */,
				DB8A401D1670643900AF45F9 /* Icon@2x.png */,
				DB8A401B1670643000AF45F9 /* Icon.png */,
			);
			name = icons;
			path = ..;
			sourceTree = "<group>";
		};
		DBFC7ACB1671701B00629011 /* sfx */ = {
			isa = PBXGroup;
			children = (
				DBFE50F8168171D8009B8C16 /* newgame.mp3 */,
				DBFE50F9168171D8009B8C16 /* no.mp3 */,
				DBFE510816817250009B8C16 /* boo.mp3 */,
				DBFE50F4168171AC009B8C16 /* computerlost.mp3 */,
				DBFE50FC168171ED009B8C16 /* thpp.mp3 */,
				DBFE50F6168171BD009B8C16 /* holdon.mp3 */,
				DBFE50FE168171F7009B8C16 /* tie.mp3 */,
				DBFE510616817226009B8C16 /* youlost.mp3 */,
				DBFE51041681721C009B8C16 /* yay.mp3 */,
				DBFE510A16817267009B8C16 /* welcome.mp3 */,
				DBFE510216817212009B8C16 /* whoop.mp3 */,
			);
			name = sfx;
			sourceTree = "<group>";
		};
		DBFC7ACC1671702600629011 /* board */ = {
			isa = PBXGroup;
			children = (
				DB991CC9167D5D7B006CED4E /* whitestone-85.png */,
				DB991CCA167D5D7B006CED4E /* whitestone-85@2x.png */,
				DB991CC4167D5C37006CED4E /* blackstone-85.png */,
				DB991CC5167D5C37006CED4E /* blackstone-85@2x.png */,
				DB64582F16D05B2300BE191D /* felt-iPad.jpg */,
				DB64582D16D05B1900BE191D /* felt-iPad@2x.jpg */,
			);
			name = board;
			sourceTree = "<group>";
		};
/* End PBXGroup section */

/* Begin PBXNativeTarget section */
		DB8A3F9A1670074A00AF45F9 /* isreveR */ = {
			isa = PBXNativeTarget;
			buildConfigurationList = DB8A3FD71670074A00AF45F9 /* Build configuration list for PBXNativeTarget "isreveR" */;
			buildPhases = (
				3C9D0CAE7F025B16AC0CA015 /* [CP] Check Pods Manifest.lock */,
				DB8A3F971670074A00AF45F9 /* Sources */,
				DB8A3F981670074A00AF45F9 /* Frameworks */,
				DB8A3F991670074A00AF45F9 /* Resources */,
				30BEB82D7429950CFBAC3856 /* [CP] Embed Pods Frameworks */,
			);
			buildRules = (
			);
			dependencies = (
			);
			name = isreveR;
			productName = Othello3;
			productReference = DB8A3F9B1670074A00AF45F9 /* isreveR.app */;
			productType = "com.apple.product-type.application";
		};
		DB8A3FC41670074A00AF45F9 /* isreveRTests */ = {
			isa = PBXNativeTarget;
			buildConfigurationList = DB8A3FDA1670074A00AF45F9 /* Build configuration list for PBXNativeTarget "isreveRTests" */;
			buildPhases = (
				98772F7B26772C22059D706B /* [CP] Check Pods Manifest.lock */,
				DB8A3FC01670074A00AF45F9 /* Sources */,
				DB8A3FC11670074A00AF45F9 /* Frameworks */,
				DB8A3FC21670074A00AF45F9 /* Resources */,
				DB8A3FC31670074A00AF45F9 /* ShellScript */,
			);
			buildRules = (
			);
			dependencies = (
				DB8A3FCB1670074A00AF45F9 /* PBXTargetDependency */,
			);
			name = isreveRTests;
			productName = Othello3Tests;
			productReference = DB8A3FC51670074A00AF45F9 /* isreveRTests.octest */;
			productType = "com.apple.product-type.bundle.ocunit-test";
		};
/* End PBXNativeTarget section */

/* Begin PBXProject section */
		DB8A3F921670074A00AF45F9 /* Project object */ = {
			isa = PBXProject;
			attributes = {
				KnownAssetTags = (
					New,
				);
				LastTestingUpgradeCheck = 0720;
				LastUpgradeCheck = 1000;
				ORGANIZATIONNAME = "David E. Weekly";
				TargetAttributes = {
					DB8A3F9A1670074A00AF45F9 = {
						DevelopmentTeam = X9353536F4;
						SystemCapabilities = {
							com.apple.Push = {
								enabled = 0;
							};
						};
					};
				};
			};
			buildConfigurationList = DB8A3F951670074A00AF45F9 /* Build configuration list for PBXProject "isreveR" */;
			compatibilityVersion = "Xcode 10.0";
			developmentRegion = English;
			hasScannedForEncodings = 0;
			knownRegions = (
				en,
				Base,
			);
			mainGroup = DB8A3F901670074A00AF45F9;
			productRefGroup = DB8A3F9C1670074A00AF45F9 /* products */;
			projectDirPath = "";
			projectRoot = "";
			targets = (
				DB8A3F9A1670074A00AF45F9 /* isreveR */,
				DB8A3FC41670074A00AF45F9 /* isreveRTests */,
			);
		};
/* End PBXProject section */

/* Begin PBXResourcesBuildPhase section */
		DB8A3F991670074A00AF45F9 /* Resources */ = {
			isa = PBXResourcesBuildPhase;
			buildActionMask = 2147483647;
			files = (
				DB8A3FAA1670074A00AF45F9 /* InfoPlist.strings in Resources */,
				DB2195541C534AF200C1AF7C /* Images.xcassets in Resources */,
				DB8A3FBC1670074A00AF45F9 /* GameBoardViewController_iPhone.xib in Resources */,
				DB8A3FBF1670074A00AF45F9 /* GameBoardViewController_iPad.xib in Resources */,
				DB8A4011167063D200AF45F9 /* Icon-Small-50@2x.png in Resources */,
				DB8A4012167063D200AF45F9 /* Icon-Small-50.png in Resources */,
				DB8A4013167063D200AF45F9 /* Icon-Small@2x.png in Resources */,
				DB8A4014167063D200AF45F9 /* Icon-Small.png in Resources */,
				DB8A401C1670643000AF45F9 /* Icon.png in Resources */,
				DB8A401E1670643900AF45F9 /* Icon@2x.png in Resources */,
				DB8A40201670645500AF45F9 /* Icon-72.png in Resources */,
				DB8A40221670645A00AF45F9 /* Icon-72@2x.png in Resources */,
				DBFC7AC616716C5600629011 /* README.md in Resources */,
				DB991CC6167D5C37006CED4E /* blackstone-85.png in Resources */,
				DB991CC7167D5C37006CED4E /* blackstone-85@2x.png in Resources */,
				DB991CCB167D5D7B006CED4E /* whitestone-85.png in Resources */,
				DB991CCC167D5D7B006CED4E /* whitestone-85@2x.png in Resources */,
				DBFE50F5168171AC009B8C16 /* computerlost.mp3 in Resources */,
				DBFE50F7168171BD009B8C16 /* holdon.mp3 in Resources */,
				DBFE50FA168171D8009B8C16 /* newgame.mp3 in Resources */,
				DBFE50FB168171D8009B8C16 /* no.mp3 in Resources */,
				DBFE50FD168171ED009B8C16 /* thpp.mp3 in Resources */,
				DBFE50FF168171F7009B8C16 /* tie.mp3 in Resources */,
				DBFE510316817212009B8C16 /* whoop.mp3 in Resources */,
				DB7B171E215F855600E65B59 /* GoogleService-Info.plist in Resources */,
				DBFE51051681721C009B8C16 /* yay.mp3 in Resources */,
				DBFE510716817226009B8C16 /* youlost.mp3 in Resources */,
				DBFE510916817250009B8C16 /* boo.mp3 in Resources */,
				DBFE510B16817267009B8C16 /* welcome.mp3 in Resources */,
				DB35E1EB169A826000B4393B /* WelcomeViewController_iPhone.xib in Resources */,
				DB35E1ED169A82F400B4393B /* WelcomeViewController_iPad.xib in Resources */,
				DB35E1F6169A9AA100B4393B /* AboutViewController_iPhone.xib in Resources */,
				DB35E1F9169A9AE700B4393B /* AboutViewController_iPad.xib in Resources */,
				DB35E1FE169B73F000B4393B /* OpponentSelectViewController_iPhone.xib in Resources */,
				DB35E201169B742300B4393B /* OpponentSelectViewController_iPad.xib in Resources */,
				DB184E2816A05C2900F998D9 /* iTunesArtwork in Resources */,
				DB184E2916A05C2900F998D9 /* iTunesArtwork@2x in Resources */,
				DB64582E16D05B1900BE191D /* felt-iPad@2x.jpg in Resources */,
				DB64583016D05B2300BE191D /* felt-iPad.jpg in Resources */,
			);
			runOnlyForDeploymentPostprocessing = 0;
		};
		DB8A3FC21670074A00AF45F9 /* Resources */ = {
			isa = PBXResourcesBuildPhase;
			buildActionMask = 2147483647;
			files = (
				DB8A3FD11670074A00AF45F9 /* InfoPlist.strings in Resources */,
				DB7B171F215F855600E65B59 /* GoogleService-Info.plist in Resources */,
			);
			runOnlyForDeploymentPostprocessing = 0;
		};
/* End PBXResourcesBuildPhase section */

/* Begin PBXShellScriptBuildPhase section */
		30BEB82D7429950CFBAC3856 /* [CP] Embed Pods Frameworks */ = {
			isa = PBXShellScriptBuildPhase;
			buildActionMask = 2147483647;
			files = (
			);
			inputPaths = (
				"${SRCROOT}/Pods/Target Support Files/Pods-isreveR/Pods-isreveR-frameworks.sh",
				"${PODS_ROOT}/Instabug/Instabug.framework",
				"${PODS_ROOT}/Instabug/Instabug.framework.dSYM",
			);
			name = "[CP] Embed Pods Frameworks";
			outputPaths = (
				"${TARGET_BUILD_DIR}/${FRAMEWORKS_FOLDER_PATH}/Instabug.framework",
				"${DWARF_DSYM_FOLDER_PATH}/Instabug.framework.dSYM",
			);
			runOnlyForDeploymentPostprocessing = 0;
			shellPath = /bin/sh;
			shellScript = "\"${SRCROOT}/Pods/Target Support Files/Pods-isreveR/Pods-isreveR-frameworks.sh\"\n";
			showEnvVarsInLog = 0;
		};
		3C9D0CAE7F025B16AC0CA015 /* [CP] Check Pods Manifest.lock */ = {
			isa = PBXShellScriptBuildPhase;
			buildActionMask = 2147483647;
			files = (
			);
			inputPaths = (
				"${PODS_PODFILE_DIR_PATH}/Podfile.lock",
				"${PODS_ROOT}/Manifest.lock",
			);
			name = "[CP] Check Pods Manifest.lock";
			outputPaths = (
				"$(DERIVED_FILE_DIR)/Pods-isreveR-checkManifestLockResult.txt",
			);
			runOnlyForDeploymentPostprocessing = 0;
			shellPath = /bin/sh;
			shellScript = "diff \"${PODS_PODFILE_DIR_PATH}/Podfile.lock\" \"${PODS_ROOT}/Manifest.lock\" > /dev/null\nif [ $? != 0 ] ; then\n    # print error to STDERR\n    echo \"error: The sandbox is not in sync with the Podfile.lock. Run 'pod install' or update your CocoaPods installation.\" >&2\n    exit 1\nfi\n# This output is used by Xcode 'outputs' to avoid re-running this script phase.\necho \"SUCCESS\" > \"${SCRIPT_OUTPUT_FILE_0}\"\n";
			showEnvVarsInLog = 0;
		};
		98772F7B26772C22059D706B /* [CP] Check Pods Manifest.lock */ = {
			isa = PBXShellScriptBuildPhase;
			buildActionMask = 2147483647;
			files = (
			);
			inputPaths = (
				"${PODS_PODFILE_DIR_PATH}/Podfile.lock",
				"${PODS_ROOT}/Manifest.lock",
			);
			name = "[CP] Check Pods Manifest.lock";
			outputPaths = (
				"$(DERIVED_FILE_DIR)/Pods-isreveRTests-checkManifestLockResult.txt",
			);
			runOnlyForDeploymentPostprocessing = 0;
			shellPath = /bin/sh;
			shellScript = "diff \"${PODS_PODFILE_DIR_PATH}/Podfile.lock\" \"${PODS_ROOT}/Manifest.lock\" > /dev/null\nif [ $? != 0 ] ; then\n    # print error to STDERR\n    echo \"error: The sandbox is not in sync with the Podfile.lock. Run 'pod install' or update your CocoaPods installation.\" >&2\n    exit 1\nfi\n# This output is used by Xcode 'outputs' to avoid re-running this script phase.\necho \"SUCCESS\" > \"${SCRIPT_OUTPUT_FILE_0}\"\n";
			showEnvVarsInLog = 0;
		};
		DB8A3FC31670074A00AF45F9 /* ShellScript */ = {
			isa = PBXShellScriptBuildPhase;
			buildActionMask = 2147483647;
			files = (
			);
			inputPaths = (
			);
			outputPaths = (
			);
			runOnlyForDeploymentPostprocessing = 0;
			shellPath = /bin/sh;
			shellScript = "# Run the unit tests in this test bundle.\n\"${SYSTEM_DEVELOPER_DIR}/Tools/RunUnitTests\"\n";
		};
/* End PBXShellScriptBuildPhase section */

/* Begin PBXSourcesBuildPhase section */
		DB8A3F971670074A00AF45F9 /* Sources */ = {
			isa = PBXSourcesBuildPhase;
			buildActionMask = 2147483647;
			files = (
				DB8A3FAC1670074A00AF45F9 /* main.m in Sources */,
				DB8A3FB01670074A00AF45F9 /* AppDelegate.m in Sources */,
				DB8A3FB91670074A00AF45F9 /* GameBoardViewController.m in Sources */,
				DB8A3FE1167009E200AF45F9 /* OthelloBoardView.m in Sources */,
				DB1208AA167D8A2E0068FD6A /* OthelloGameController.m in Sources */,
				DB2F0705167E5EAD00A22C8E /* AI_SimpleGreedy.m in Sources */,
				DB2F0709167E630300A22C8E /* AI_Minimax.m in Sources */,
				DB35E1EA169A826000B4393B /* WelcomeViewController.m in Sources */,
				DB35E1F5169A9AA100B4393B /* AboutViewController.m in Sources */,
				DB35E1FD169B73F000B4393B /* OpponentSelectViewController.m in Sources */,
				DBF468A1169E4CBD0078B709 /* Othello.m in Sources */,
				DB64583716D05F3C00BE191D /* AI_SimpleHeuristic.m in Sources */,
			);
			runOnlyForDeploymentPostprocessing = 0;
		};
		DB8A3FC01670074A00AF45F9 /* Sources */ = {
			isa = PBXSourcesBuildPhase;
			buildActionMask = 2147483647;
			files = (
				DB8A3FD41670074A00AF45F9 /* isreveRTests.m in Sources */,
			);
			runOnlyForDeploymentPostprocessing = 0;
		};
/* End PBXSourcesBuildPhase section */

/* Begin PBXTargetDependency section */
		DB8A3FCB1670074A00AF45F9 /* PBXTargetDependency */ = {
			isa = PBXTargetDependency;
			target = DB8A3F9A1670074A00AF45F9 /* isreveR */;
			targetProxy = DB8A3FCA1670074A00AF45F9 /* PBXContainerItemProxy */;
		};
/* End PBXTargetDependency section */

/* Begin PBXVariantGroup section */
		DB8A3FA81670074A00AF45F9 /* InfoPlist.strings */ = {
			isa = PBXVariantGroup;
			children = (
				DB8A3FA91670074A00AF45F9 /* en */,
			);
			name = InfoPlist.strings;
			sourceTree = "<group>";
		};
		DB8A3FBA1670074A00AF45F9 /* GameBoardViewController_iPhone.xib */ = {
			isa = PBXVariantGroup;
			children = (
				DB9339241C533A3000587012 /* Base */,
			);
			name = GameBoardViewController_iPhone.xib;
			sourceTree = "<group>";
		};
		DB8A3FBD1670074A00AF45F9 /* GameBoardViewController_iPad.xib */ = {
			isa = PBXVariantGroup;
			children = (
				DB9339251C533A3000587012 /* Base */,
			);
			name = GameBoardViewController_iPad.xib;
			sourceTree = "<group>";
		};
		DB8A3FCF1670074A00AF45F9 /* InfoPlist.strings */ = {
			isa = PBXVariantGroup;
			children = (
				DB8A3FD01670074A00AF45F9 /* en */,
			);
			name = InfoPlist.strings;
			sourceTree = "<group>";
		};
/* End PBXVariantGroup section */

/* Begin XCBuildConfiguration section */
		DB8A3FD51670074A00AF45F9 /* Debug */ = {
			isa = XCBuildConfiguration;
			buildSettings = {
				ALWAYS_SEARCH_USER_PATHS = NO;
				CLANG_CXX_LANGUAGE_STANDARD = "gnu++0x";
				CLANG_CXX_LIBRARY = "libc++";
				CLANG_ENABLE_MODULES = YES;
				CLANG_ENABLE_OBJC_ARC = YES;
				CLANG_WARN_BLOCK_CAPTURE_AUTORELEASING = YES;
				CLANG_WARN_BOOL_CONVERSION = YES;
				CLANG_WARN_COMMA = YES;
				CLANG_WARN_CONSTANT_CONVERSION = YES;
				CLANG_WARN_DEPRECATED_OBJC_IMPLEMENTATIONS = YES;
				CLANG_WARN_EMPTY_BODY = YES;
				CLANG_WARN_ENUM_CONVERSION = YES;
				CLANG_WARN_INFINITE_RECURSION = YES;
				CLANG_WARN_INT_CONVERSION = YES;
				CLANG_WARN_NON_LITERAL_NULL_CONVERSION = YES;
				CLANG_WARN_OBJC_IMPLICIT_RETAIN_SELF = YES;
				CLANG_WARN_OBJC_LITERAL_CONVERSION = YES;
				CLANG_WARN_RANGE_LOOP_ANALYSIS = YES;
				CLANG_WARN_STRICT_PROTOTYPES = YES;
				CLANG_WARN_SUSPICIOUS_MOVE = YES;
				CLANG_WARN_UNREACHABLE_CODE = YES;
				CLANG_WARN__DUPLICATE_METHOD_MATCH = YES;
				"CODE_SIGN_IDENTITY[sdk=iphoneos*]" = "iPhone Developer";
				COPY_PHASE_STRIP = NO;
				ENABLE_STRICT_OBJC_MSGSEND = YES;
				ENABLE_TESTABILITY = YES;
				GCC_C_LANGUAGE_STANDARD = gnu99;
				GCC_DYNAMIC_NO_PIC = NO;
				GCC_NO_COMMON_BLOCKS = YES;
				GCC_OPTIMIZATION_LEVEL = 0;
				GCC_PREPROCESSOR_DEFINITIONS = (
					"DEBUG=1",
					"$(inherited)",
				);
				GCC_SYMBOLS_PRIVATE_EXTERN = NO;
				GCC_WARN_64_TO_32_BIT_CONVERSION = YES;
				GCC_WARN_ABOUT_RETURN_TYPE = YES;
				GCC_WARN_UNDECLARED_SELECTOR = YES;
				GCC_WARN_UNINITIALIZED_AUTOS = YES;
				GCC_WARN_UNUSED_FUNCTION = YES;
				GCC_WARN_UNUSED_VARIABLE = YES;
				IPHONEOS_DEPLOYMENT_TARGET = 12.0;
				ONLY_ACTIVE_ARCH = YES;
				SDKROOT = iphoneos;
				TARGETED_DEVICE_FAMILY = "1,2";
			};
			name = Debug;
		};
		DB8A3FD61670074A00AF45F9 /* Release */ = {
			isa = XCBuildConfiguration;
			buildSettings = {
				ALWAYS_SEARCH_USER_PATHS = NO;
				CLANG_CXX_LANGUAGE_STANDARD = "gnu++0x";
				CLANG_CXX_LIBRARY = "libc++";
				CLANG_ENABLE_MODULES = YES;
				CLANG_ENABLE_OBJC_ARC = YES;
				CLANG_WARN_BLOCK_CAPTURE_AUTORELEASING = YES;
				CLANG_WARN_BOOL_CONVERSION = YES;
				CLANG_WARN_COMMA = YES;
				CLANG_WARN_CONSTANT_CONVERSION = YES;
				CLANG_WARN_DEPRECATED_OBJC_IMPLEMENTATIONS = YES;
				CLANG_WARN_EMPTY_BODY = YES;
				CLANG_WARN_ENUM_CONVERSION = YES;
				CLANG_WARN_INFINITE_RECURSION = YES;
				CLANG_WARN_INT_CONVERSION = YES;
				CLANG_WARN_NON_LITERAL_NULL_CONVERSION = YES;
				CLANG_WARN_OBJC_IMPLICIT_RETAIN_SELF = YES;
				CLANG_WARN_OBJC_LITERAL_CONVERSION = YES;
				CLANG_WARN_RANGE_LOOP_ANALYSIS = YES;
				CLANG_WARN_STRICT_PROTOTYPES = YES;
				CLANG_WARN_SUSPICIOUS_MOVE = YES;
				CLANG_WARN_UNREACHABLE_CODE = YES;
				CLANG_WARN__DUPLICATE_METHOD_MATCH = YES;
				"CODE_SIGN_IDENTITY[sdk=iphoneos*]" = "iPhone Developer";
				COPY_PHASE_STRIP = YES;
				ENABLE_STRICT_OBJC_MSGSEND = YES;
				GCC_C_LANGUAGE_STANDARD = gnu99;
				GCC_NO_COMMON_BLOCKS = YES;
				GCC_WARN_64_TO_32_BIT_CONVERSION = YES;
				GCC_WARN_ABOUT_RETURN_TYPE = YES;
				GCC_WARN_UNDECLARED_SELECTOR = YES;
				GCC_WARN_UNINITIALIZED_AUTOS = YES;
				GCC_WARN_UNUSED_FUNCTION = YES;
				GCC_WARN_UNUSED_VARIABLE = YES;
				IPHONEOS_DEPLOYMENT_TARGET = 12.0;
				OTHER_CFLAGS = "-DNS_BLOCK_ASSERTIONS=1";
				SDKROOT = iphoneos;
				TARGETED_DEVICE_FAMILY = "1,2";
				VALIDATE_PRODUCT = YES;
			};
			name = Release;
		};
		DB8A3FD81670074A00AF45F9 /* Debug */ = {
			isa = XCBuildConfiguration;
			baseConfigurationReference = 8463F9AA4F100918F5B37C30 /* Pods-isreveR.debug.xcconfig */;
			buildSettings = {
				ASSETCATALOG_COMPILER_APPICON_NAME = AppIcon;
				CODE_SIGN_IDENTITY = "iPhone Distribution";
				"CODE_SIGN_IDENTITY[sdk=iphoneos*]" = "iPhone Developer";
				DEVELOPMENT_TEAM = X9353536F4;
				FRAMEWORK_SEARCH_PATHS = (
					"$(inherited)",
					"$(SRCROOT)",
					"$(PROJECT_DIR)",
				);
				GCC_PRECOMPILE_PREFIX_HEADER = YES;
				GCC_PREFIX_HEADER = "Othello3/isreveR-Prefix.pch";
				INFOPLIST_FILE = "Othello3/isreveR-Info.plist";
				IPHONEOS_DEPLOYMENT_TARGET = 12.0;
				LIBRARY_SEARCH_PATHS = (
					"$(inherited)",
					"\"$(SRCROOT)/Othello3/Flurry\"",
					"\"$(SRCROOT)/Othello3\"",
				);
				PRODUCT_BUNDLE_IDENTIFIER = "com.gastonlabs.${PRODUCT_NAME:rfc1034identifier}";
				PRODUCT_NAME = isreveR;
				PROVISIONING_PROFILE = "4d0016f5-00f1-40ff-b8cf-03347afceb9d";
				"PROVISIONING_PROFILE[sdk=iphoneos*]" = "4d0016f5-00f1-40ff-b8cf-03347afceb9d";
				PROVISIONING_PROFILE_SPECIFIER = "isreveR Development";
				WRAPPER_EXTENSION = app;
			};
			name = Debug;
		};
		DB8A3FD91670074A00AF45F9 /* Release */ = {
			isa = XCBuildConfiguration;
			baseConfigurationReference = 5B020D0F3136A66A4E7CC8AB /* Pods-isreveR.release.xcconfig */;
			buildSettings = {
				ASSETCATALOG_COMPILER_APPICON_NAME = AppIcon;
				CODE_SIGN_IDENTITY = "iPhone Distribution: David Weekly (X9353536F4)";
				"CODE_SIGN_IDENTITY[sdk=iphoneos*]" = "iPhone Distribution: David Weekly (X9353536F4)";
				DEVELOPMENT_TEAM = X9353536F4;
				FRAMEWORK_SEARCH_PATHS = (
					"$(inherited)",
					"$(SRCROOT)",
					"$(PROJECT_DIR)",
				);
				GCC_PRECOMPILE_PREFIX_HEADER = YES;
				GCC_PREFIX_HEADER = "Othello3/isreveR-Prefix.pch";
				INFOPLIST_FILE = "Othello3/isreveR-Info.plist";
				IPHONEOS_DEPLOYMENT_TARGET = 12.0;
				LIBRARY_SEARCH_PATHS = (
					"$(inherited)",
					"\"$(SRCROOT)/Othello3/Flurry\"",
					"\"$(SRCROOT)/Othello3\"",
				);
				PRODUCT_BUNDLE_IDENTIFIER = "com.gastonlabs.${PRODUCT_NAME:rfc1034identifier}";
				PRODUCT_NAME = isreveR;
				PROVISIONING_PROFILE = "f02dd6e3-07b3-4f04-9994-0fed8a7d1238";
				"PROVISIONING_PROFILE[sdk=iphoneos*]" = "f02dd6e3-07b3-4f04-9994-0fed8a7d1238";
				PROVISIONING_PROFILE_SPECIFIER = "isreveR Distribution";
				WRAPPER_EXTENSION = app;
			};
			name = Release;
		};
		DB8A3FDB1670074A00AF45F9 /* Debug */ = {
			isa = XCBuildConfiguration;
			baseConfigurationReference = 03235DA5A72F5F3CA62C2F8F /* Pods-isreveRTests.debug.xcconfig */;
			buildSettings = {
				BUNDLE_LOADER = "$(BUILT_PRODUCTS_DIR)/Othello3.app/Othello3";
				FRAMEWORK_SEARCH_PATHS = (
					"\"$(SDKROOT)/Developer/Library/Frameworks\"",
					"\"$(DEVELOPER_LIBRARY_DIR)/Frameworks\"",
				);
				GCC_PRECOMPILE_PREFIX_HEADER = YES;
				GCC_PREFIX_HEADER = "Othello3/Othello3-Prefix.pch";
				INFOPLIST_FILE = "Othello3Tests/isreveRTests-Info.plist";
				PRODUCT_BUNDLE_IDENTIFIER = "com.gastonlabs.${PRODUCT_NAME:rfc1034identifier}";
				PRODUCT_NAME = isreveRTests;
				TEST_HOST = "$(BUNDLE_LOADER)";
				WRAPPER_EXTENSION = octest;
			};
			name = Debug;
		};
		DB8A3FDC1670074A00AF45F9 /* Release */ = {
			isa = XCBuildConfiguration;
			baseConfigurationReference = E6FB07F7BCC21C54F9F2E196 /* Pods-isreveRTests.release.xcconfig */;
			buildSettings = {
				BUNDLE_LOADER = "$(BUILT_PRODUCTS_DIR)/Othello3.app/Othello3";
				FRAMEWORK_SEARCH_PATHS = (
					"\"$(SDKROOT)/Developer/Library/Frameworks\"",
					"\"$(DEVELOPER_LIBRARY_DIR)/Frameworks\"",
				);
				GCC_PRECOMPILE_PREFIX_HEADER = YES;
				GCC_PREFIX_HEADER = "Othello3/Othello3-Prefix.pch";
				INFOPLIST_FILE = "Othello3Tests/isreveRTests-Info.plist";
				PRODUCT_BUNDLE_IDENTIFIER = "com.gastonlabs.${PRODUCT_NAME:rfc1034identifier}";
				PRODUCT_NAME = isreveRTests;
				TEST_HOST = "$(BUNDLE_LOADER)";
				WRAPPER_EXTENSION = octest;
			};
			name = Release;
		};
/* End XCBuildConfiguration section */

/* Begin XCConfigurationList section */
		DB8A3F951670074A00AF45F9 /* Build configuration list for PBXProject "isreveR" */ = {
			isa = XCConfigurationList;
			buildConfigurations = (
				DB8A3FD51670074A00AF45F9 /* Debug */,
				DB8A3FD61670074A00AF45F9 /* Release */,
			);
			defaultConfigurationIsVisible = 0;
			defaultConfigurationName = Release;
		};
		DB8A3FD71670074A00AF45F9 /* Build configuration list for PBXNativeTarget "isreveR" */ = {
			isa = XCConfigurationList;
			buildConfigurations = (
				DB8A3FD81670074A00AF45F9 /* Debug */,
				DB8A3FD91670074A00AF45F9 /* Release */,
			);
			defaultConfigurationIsVisible = 0;
			defaultConfigurationName = Release;
		};
		DB8A3FDA1670074A00AF45F9 /* Build configuration list for PBXNativeTarget "isreveRTests" */ = {
			isa = XCConfigurationList;
			buildConfigurations = (
				DB8A3FDB1670074A00AF45F9 /* Debug */,
				DB8A3FDC1670074A00AF45F9 /* Release */,
			);
			defaultConfigurationIsVisible = 0;
			defaultConfigurationName = Release;
		};
/* End XCConfigurationList section */
	};
	rootObject = DB8A3F921670074A00AF45F9 /* Project object */;
}
